// !$*UTF8*$!
{
	archiveVersion = 1;
	classes = {
	};
	objectVersion = 46;
	objects = {

/* Begin PBXBuildFile section */
		8E94F6C8137A08CC00580A6C /* HubPieceView.m in Sources */ = {isa = PBXBuildFile; fileRef = 8E94F6C6137A08CC00580A6C /* HubPieceView.m */; };
		8E9A543D13833E7600B5A5C7 /* Video.m in Sources */ = {isa = PBXBuildFile; fileRef = 8E9A543B13833E7600B5A5C7 /* Video.m */; };
		8E9A543E13833E7600B5A5C7 /* Video.xib in Resources */ = {isa = PBXBuildFile; fileRef = 8E9A543C13833E7600B5A5C7 /* Video.xib */; };
		8EED84A61380745C00096292 /* HubPieceView.xib in Resources */ = {isa = PBXBuildFile; fileRef = 8EED84A51380745C00096292 /* HubPieceView.xib */; };
		90010FF61384991000015FD2 /* FBDialog.bundle in Resources */ = {isa = PBXBuildFile; fileRef = 90010FEC1384991000015FD2 /* FBDialog.bundle */; };
		90010FF71384991000015FD2 /* FBRequest.m in Sources */ = {isa = PBXBuildFile; fileRef = 90010FEF1384991000015FD2 /* FBRequest.m */; };
		90010FF81384991000015FD2 /* Facebook.m in Sources */ = {isa = PBXBuildFile; fileRef = 90010FF01384991000015FD2 /* Facebook.m */; };
		90010FF91384991000015FD2 /* FBLoginDialog.m in Sources */ = {isa = PBXBuildFile; fileRef = 90010FF31384991000015FD2 /* FBLoginDialog.m */; };
		90010FFA1384991000015FD2 /* FBDialog.m in Sources */ = {isa = PBXBuildFile; fileRef = 90010FF51384991000015FD2 /* FBDialog.m */; };
		900160681379F72A00E418AD /* UIKit.framework in Frameworks */ = {isa = PBXBuildFile; fileRef = 900160671379F72A00E418AD /* UIKit.framework */; };
		9001606A1379F72A00E418AD /* Foundation.framework in Frameworks */ = {isa = PBXBuildFile; fileRef = 900160691379F72A00E418AD /* Foundation.framework */; };
		9001606C1379F72A00E418AD /* CoreGraphics.framework in Frameworks */ = {isa = PBXBuildFile; fileRef = 9001606B1379F72A00E418AD /* CoreGraphics.framework */; };
		9001606E1379F72A00E418AD /* CoreData.framework in Frameworks */ = {isa = PBXBuildFile; fileRef = 9001606D1379F72A00E418AD /* CoreData.framework */; };
		900160741379F72A00E418AD /* InfoPlist.strings in Resources */ = {isa = PBXBuildFile; fileRef = 900160721379F72A00E418AD /* InfoPlist.strings */; };
		900160771379F72A00E418AD /* main.m in Sources */ = {isa = PBXBuildFile; fileRef = 900160761379F72A00E418AD /* main.m */; };
		9001607A1379F72A00E418AD /* HenryHubAppDelegate.m in Sources */ = {isa = PBXBuildFile; fileRef = 900160791379F72A00E418AD /* HenryHubAppDelegate.m */; };
		9001607D1379F72A00E418AD /* MainWindow.xib in Resources */ = {isa = PBXBuildFile; fileRef = 9001607B1379F72A00E418AD /* MainWindow.xib */; };
		9002E843138B6DA900CA2AEF /* back-button-pressed.png in Resources */ = {isa = PBXBuildFile; fileRef = 9002E83F138B6DA900CA2AEF /* back-button-pressed.png */; };
		9002E844138B6DA900CA2AEF /* back-button-pressed@2x.png in Resources */ = {isa = PBXBuildFile; fileRef = 9002E840138B6DA900CA2AEF /* back-button-pressed@2x.png */; };
		9002E845138B6DA900CA2AEF /* back-button.png in Resources */ = {isa = PBXBuildFile; fileRef = 9002E841138B6DA900CA2AEF /* back-button.png */; };
		9002E846138B6DA900CA2AEF /* back-button@2x.png in Resources */ = {isa = PBXBuildFile; fileRef = 9002E842138B6DA900CA2AEF /* back-button@2x.png */; };
		9002E84E138B7C7500CA2AEF /* big-button-bg-pressed.png in Resources */ = {isa = PBXBuildFile; fileRef = 9002E848138B7C7500CA2AEF /* big-button-bg-pressed.png */; };
		9002E84F138B7C7500CA2AEF /* big-button-bg-pressed@2x.png in Resources */ = {isa = PBXBuildFile; fileRef = 9002E849138B7C7500CA2AEF /* big-button-bg-pressed@2x.png */; };
		9002E850138B7C7500CA2AEF /* big-button-bg.png in Resources */ = {isa = PBXBuildFile; fileRef = 9002E84A138B7C7500CA2AEF /* big-button-bg.png */; };
		9002E851138B7C7500CA2AEF /* big-button-bg@2x.png in Resources */ = {isa = PBXBuildFile; fileRef = 9002E84B138B7C7500CA2AEF /* big-button-bg@2x.png */; };
		9002E852138B7C7500CA2AEF /* start-logo.png in Resources */ = {isa = PBXBuildFile; fileRef = 9002E84C138B7C7500CA2AEF /* start-logo.png */; };
		9002E853138B7C7500CA2AEF /* start-logo@2x.png in Resources */ = {isa = PBXBuildFile; fileRef = 9002E84D138B7C7500CA2AEF /* start-logo@2x.png */; };
		9002E856138B8F2A00CA2AEF /* arrow-down.png in Resources */ = {isa = PBXBuildFile; fileRef = 9002E854138B8F2A00CA2AEF /* arrow-down.png */; };
		9002E857138B8F2A00CA2AEF /* arrow-up.png in Resources */ = {isa = PBXBuildFile; fileRef = 9002E855138B8F2A00CA2AEF /* arrow-up.png */; };
		901D175A1392FF6F00615364 /* HistoryCell.xib in Resources */ = {isa = PBXBuildFile; fileRef = 901D17591392FF6F00615364 /* HistoryCell.xib */; };
		90220C301387328000731424 /* qrcode.png in Resources */ = {isa = PBXBuildFile; fileRef = 90220C2F1387328000731424 /* qrcode.png */; };
		90220C32138733CE00731424 /* videomock.png in Resources */ = {isa = PBXBuildFile; fileRef = 90220C31138733CE00731424 /* videomock.png */; };
		90220C361387343800731424 /* Related.m in Sources */ = {isa = PBXBuildFile; fileRef = 90220C341387343800731424 /* Related.m */; };
		90220C371387343800731424 /* Related.xib in Resources */ = {isa = PBXBuildFile; fileRef = 90220C351387343800731424 /* Related.xib */; };
		90220C4113873C0200731424 /* facebookmock.png in Resources */ = {isa = PBXBuildFile; fileRef = 90220C4013873C0200731424 /* facebookmock.png */; };
		902B81861379F83D0086518F /* mainLogo.png in Resources */ = {isa = PBXBuildFile; fileRef = 902B81851379F83D0086518F /* mainLogo.png */; };
		902B81AA137A00020086518F /* HHubViewController.m in Sources */ = {isa = PBXBuildFile; fileRef = 902B81A9137A00020086518F /* HHubViewController.m */; };
		902B81AC137A001B0086518F /* HHubViewController.xib in Resources */ = {isa = PBXBuildFile; fileRef = 902B81AB137A001B0086518F /* HHubViewController.xib */; };
		902B81B0137A00350086518F /* OutSide.m in Sources */ = {isa = PBXBuildFile; fileRef = 902B81AE137A00350086518F /* OutSide.m */; };
		902B81B1137A00350086518F /* OutSide.xib in Resources */ = {isa = PBXBuildFile; fileRef = 902B81AF137A00350086518F /* OutSide.xib */; };
		902B81B5137A004A0086518F /* InSide.m in Sources */ = {isa = PBXBuildFile; fileRef = 902B81B3137A004A0086518F /* InSide.m */; };
		902B81B6137A004A0086518F /* InSide.xib in Resources */ = {isa = PBXBuildFile; fileRef = 902B81B4137A004A0086518F /* InSide.xib */; };
		902B81C6137A0FA80086518F /* NSDataAdditions.m in Sources */ = {isa = PBXBuildFile; fileRef = 902B81C0137A0FA80086518F /* NSDataAdditions.m */; };
		902B81C7137A0FA80086518F /* TBXML.m in Sources */ = {isa = PBXBuildFile; fileRef = 902B81C2137A0FA80086518F /* TBXML.m */; };
		902B81CD137A10470086518F /* libz.dylib in Frameworks */ = {isa = PBXBuildFile; fileRef = 902B81CC137A10470086518F /* libz.dylib */; };
		906D180A139622A600111B3D /* HubPieceRelated.m in Sources */ = {isa = PBXBuildFile; fileRef = 906D1809139622A600111B3D /* HubPieceRelated.m */; };
		906F40231384BD9900617877 /* NSObject+SBJSON.m in Sources */ = {isa = PBXBuildFile; fileRef = 906F40181384BD9900617877 /* NSObject+SBJSON.m */; };
		906F40241384BD9900617877 /* NSString+SBJSON.m in Sources */ = {isa = PBXBuildFile; fileRef = 906F401A1384BD9900617877 /* NSString+SBJSON.m */; };
		906F40251384BD9900617877 /* SBJSON.m in Sources */ = {isa = PBXBuildFile; fileRef = 906F401C1384BD9900617877 /* SBJSON.m */; };
		906F40261384BD9900617877 /* SBJsonBase.m in Sources */ = {isa = PBXBuildFile; fileRef = 906F401E1384BD9900617877 /* SBJsonBase.m */; };
		906F40271384BD9900617877 /* SBJsonParser.m in Sources */ = {isa = PBXBuildFile; fileRef = 906F40201384BD9900617877 /* SBJsonParser.m */; };
		906F40281384BD9900617877 /* SBJsonWriter.m in Sources */ = {isa = PBXBuildFile; fileRef = 906F40221384BD9900617877 /* SBJsonWriter.m */; };
		90728E9A138054B400F95A36 /* libzbar.a in Frameworks */ = {isa = PBXBuildFile; fileRef = 90728E94138054B400F95A36 /* libzbar.a */; };
		90728E9B138054B400F95A36 /* zbar-back.png in Resources */ = {isa = PBXBuildFile; fileRef = 90728E96138054B400F95A36 /* zbar-back.png */; };
		90728E9C138054B400F95A36 /* zbar-help.html in Resources */ = {isa = PBXBuildFile; fileRef = 90728E97138054B400F95A36 /* zbar-help.html */; };
		90728E9D138054B400F95A36 /* zbar-helpicons.png in Resources */ = {isa = PBXBuildFile; fileRef = 90728E98138054B400F95A36 /* zbar-helpicons.png */; };
		90728E9E138054B400F95A36 /* zbar-samples.png in Resources */ = {isa = PBXBuildFile; fileRef = 90728E99138054B400F95A36 /* zbar-samples.png */; };
		90728EA11380550E00F95A36 /* AVFoundation.framework in Frameworks */ = {isa = PBXBuildFile; fileRef = 90728EA01380550E00F95A36 /* AVFoundation.framework */; };
		90728EA31380553E00F95A36 /* CoreMedia.framework in Frameworks */ = {isa = PBXBuildFile; fileRef = 90728EA21380553E00F95A36 /* CoreMedia.framework */; };
		90728EA51380554400F95A36 /* CoreVideo.framework in Frameworks */ = {isa = PBXBuildFile; fileRef = 90728EA41380554400F95A36 /* CoreVideo.framework */; };
		90728EA71380555100F95A36 /* libiconv.dylib in Frameworks */ = {isa = PBXBuildFile; fileRef = 90728EA61380555100F95A36 /* libiconv.dylib */; };
		90728EA91380555E00F95A36 /* QuartzCore.framework in Frameworks */ = {isa = PBXBuildFile; fileRef = 90728EA81380555E00F95A36 /* QuartzCore.framework */; };
		9086AD3E1385F272001B2F9D /* menu_buttons.png in Resources */ = {isa = PBXBuildFile; fileRef = 9086AD3C1385F272001B2F9D /* menu_buttons.png */; };
		9086AD3F1385F272001B2F9D /* menu_buttons@2x.png in Resources */ = {isa = PBXBuildFile; fileRef = 9086AD3D1385F272001B2F9D /* menu_buttons@2x.png */; };
		909138831394503600CF920C /* InSideView.m in Sources */ = {isa = PBXBuildFile; fileRef = 909138821394503600CF920C /* InSideView.m */; };
		909B2A24137CFD030031A107 /* loadingscreen.png in Resources */ = {isa = PBXBuildFile; fileRef = 909B2A22137CFD030031A107 /* loadingscreen.png */; };
		909B2A25137CFD030031A107 /* loadingscreen@2x.png in Resources */ = {isa = PBXBuildFile; fileRef = 909B2A23137CFD030031A107 /* loadingscreen@2x.png */; };
		90A1864B138DB1A20056C382 /* HubXMLConnection.m in Sources */ = {isa = PBXBuildFile; fileRef = 90A1864A138DB1A20056C382 /* HubXMLConnection.m */; };
		90A18659138DB8F70056C382 /* HenryHub.xcdatamodeld in Sources */ = {isa = PBXBuildFile; fileRef = 90A1864D138DB8F70056C382 /* HenryHub.xcdatamodeld */; };
		90A1865A138DB8F70056C382 /* HubPiece.m in Sources */ = {isa = PBXBuildFile; fileRef = 90A18650138DB8F70056C382 /* HubPiece.m */; };
		90A1865B138DB8F70056C382 /* HubPieceAudio.m in Sources */ = {isa = PBXBuildFile; fileRef = 90A18652138DB8F70056C382 /* HubPieceAudio.m */; };
		90A1865C138DB8F70056C382 /* HubPieceImage.m in Sources */ = {isa = PBXBuildFile; fileRef = 90A18654138DB8F70056C382 /* HubPieceImage.m */; };
		90A1865E138DB8F70056C382 /* HubPieceVideo.m in Sources */ = {isa = PBXBuildFile; fileRef = 90A18658138DB8F70056C382 /* HubPieceVideo.m */; };
		90A18663138DB9A30056C382 /* HHLabel_BrandonRegular.m in Sources */ = {isa = PBXBuildFile; fileRef = 90A18662138DB9A30056C382 /* HHLabel_BrandonRegular.m */; };
		90A18666138DBAAB0056C382 /* HHLabel_BrandonBold.m in Sources */ = {isa = PBXBuildFile; fileRef = 90A18665138DBAAB0056C382 /* HHLabel_BrandonBold.m */; };
		90A18669138DBB280056C382 /* HHTextView_BrandonRegular.m in Sources */ = {isa = PBXBuildFile; fileRef = 90A18668138DBB280056C382 /* HHTextView_BrandonRegular.m */; };
		90A1866C138DBCE90056C382 /* HHTextView_BrandonBold.m in Sources */ = {isa = PBXBuildFile; fileRef = 90A1866B138DBCE90056C382 /* HHTextView_BrandonBold.m */; };
		90A1866E138DFF630056C382 /* VideoTableViewCell.xib in Resources */ = {isa = PBXBuildFile; fileRef = 90A1866D138DFF630056C382 /* VideoTableViewCell.xib */; };
		90A18671138E40520056C382 /* UILabel+VerticalAlign.m in Sources */ = {isa = PBXBuildFile; fileRef = 90A18670138E40510056C382 /* UILabel+VerticalAlign.m */; };
		90AC6EA81388AA9E009B486C /* loadingscreen-v2.png in Resources */ = {isa = PBXBuildFile; fileRef = 90AC6EA61388AA9E009B486C /* loadingscreen-v2.png */; };
		90AC6EA91388AA9E009B486C /* loadingscreen-v2@2x.png in Resources */ = {isa = PBXBuildFile; fileRef = 90AC6EA71388AA9E009B486C /* loadingscreen-v2@2x.png */; };
		90AC6EAA1388AAC3009B486C /* Default.png in Resources */ = {isa = PBXBuildFile; fileRef = 90F6FDC81384F7FE00A96A02 /* Default.png */; };
		90AC6EAC1388AAD9009B486C /* Default@2x.png in Resources */ = {isa = PBXBuildFile; fileRef = 90AC6EAB1388AAD9009B486C /* Default@2x.png */; };
		90AC6EB21388C307009B486C /* icon@2x.png in Resources */ = {isa = PBXBuildFile; fileRef = 90AC6EB11388C307009B486C /* icon@2x.png */; };
		90AC6EB41388C30E009B486C /* icon.png in Resources */ = {isa = PBXBuildFile; fileRef = 90AC6EB31388C30E009B486C /* icon.png */; };
		90ADBE651386C8A400B3D09E /* AudioToolbox.framework in Frameworks */ = {isa = PBXBuildFile; fileRef = 90ADBE631386C8A400B3D09E /* AudioToolbox.framework */; };
		90ADBE661386C8A400B3D09E /* OpenAL.framework in Frameworks */ = {isa = PBXBuildFile; fileRef = 90ADBE641386C8A400B3D09E /* OpenAL.framework */; };
		90ADBE761386C99900B3D09E /* Decoder.m in Sources */ = {isa = PBXBuildFile; fileRef = 90ADBE691386C99900B3D09E /* Decoder.m */; };
		90ADBE771386C99900B3D09E /* Finch.m in Sources */ = {isa = PBXBuildFile; fileRef = 90ADBE6B1386C99900B3D09E /* Finch.m */; };
		90ADBE781386C99900B3D09E /* PCMDecoder.m in Sources */ = {isa = PBXBuildFile; fileRef = 90ADBE6D1386C99900B3D09E /* PCMDecoder.m */; };
		90ADBE791386C99900B3D09E /* Reporter.m in Sources */ = {isa = PBXBuildFile; fileRef = 90ADBE6F1386C99900B3D09E /* Reporter.m */; };
		90ADBE7A1386C99900B3D09E /* RevolverSound.m in Sources */ = {isa = PBXBuildFile; fileRef = 90ADBE711386C99900B3D09E /* RevolverSound.m */; };
		90ADBE7B1386C99900B3D09E /* Sample.m in Sources */ = {isa = PBXBuildFile; fileRef = 90ADBE731386C99900B3D09E /* Sample.m */; };
		90ADBE7C1386C99900B3D09E /* Sound.m in Sources */ = {isa = PBXBuildFile; fileRef = 90ADBE751386C99900B3D09E /* Sound.m */; };
		90B1059F138AC3E600611725 /* share-icon-pressed.png in Resources */ = {isa = PBXBuildFile; fileRef = 90B1059B138AC3E600611725 /* share-icon-pressed.png */; };
		90B105A0138AC3E600611725 /* share-icon-pressed@2x.png in Resources */ = {isa = PBXBuildFile; fileRef = 90B1059C138AC3E600611725 /* share-icon-pressed@2x.png */; };
		90B105A1138AC3E600611725 /* share-icon.png in Resources */ = {isa = PBXBuildFile; fileRef = 90B1059D138AC3E600611725 /* share-icon.png */; };
		90B105A2138AC3E600611725 /* share-icon@2x.png in Resources */ = {isa = PBXBuildFile; fileRef = 90B1059E138AC3E600611725 /* share-icon@2x.png */; };
		90BB22E713832ED900C7797F /* scan_logo.png in Resources */ = {isa = PBXBuildFile; fileRef = 90BB22E513832ED900C7797F /* scan_logo.png */; };
		90BB22E813832ED900C7797F /* scan_logo@2x.png in Resources */ = {isa = PBXBuildFile; fileRef = 90BB22E613832ED900C7797F /* scan_logo@2x.png */; };
		90E0B6FD138D9C79006FB6D0 /* Brandon_bld_it.otf in Resources */ = {isa = PBXBuildFile; fileRef = 90E0B6F9138D9C79006FB6D0 /* Brandon_bld_it.otf */; };
		90E0B6FE138D9C79006FB6D0 /* Brandon_bld.otf in Resources */ = {isa = PBXBuildFile; fileRef = 90E0B6FA138D9C79006FB6D0 /* Brandon_bld.otf */; };
		90E0B6FF138D9C79006FB6D0 /* Brandon_reg_it.otf in Resources */ = {isa = PBXBuildFile; fileRef = 90E0B6FB138D9C79006FB6D0 /* Brandon_reg_it.otf */; };
		90E0B700138D9C79006FB6D0 /* Brandon_reg.otf in Resources */ = {isa = PBXBuildFile; fileRef = 90E0B6FC138D9C79006FB6D0 /* Brandon_reg.otf */; };
/* End PBXBuildFile section */

/* Begin PBXFileReference section */
		8E94F6C5137A08CC00580A6C /* HubPieceView.h */ = {isa = PBXFileReference; fileEncoding = 4; lastKnownFileType = sourcecode.c.h; path = HubPieceView.h; sourceTree = "<group>"; };
		8E94F6C6137A08CC00580A6C /* HubPieceView.m */ = {isa = PBXFileReference; fileEncoding = 4; lastKnownFileType = sourcecode.c.objc; path = HubPieceView.m; sourceTree = "<group>"; };
		8E9A543A13833E7600B5A5C7 /* Video.h */ = {isa = PBXFileReference; fileEncoding = 4; lastKnownFileType = sourcecode.c.h; path = Video.h; sourceTree = "<group>"; };
		8E9A543B13833E7600B5A5C7 /* Video.m */ = {isa = PBXFileReference; fileEncoding = 4; lastKnownFileType = sourcecode.c.objc; path = Video.m; sourceTree = "<group>"; };
		8E9A543C13833E7600B5A5C7 /* Video.xib */ = {isa = PBXFileReference; fileEncoding = 4; lastKnownFileType = file.xib; path = Video.xib; sourceTree = "<group>"; };
		8EED84A51380745C00096292 /* HubPieceView.xib */ = {isa = PBXFileReference; fileEncoding = 4; lastKnownFileType = file.xib; path = HubPieceView.xib; sourceTree = "<group>"; };
		90010FEC1384991000015FD2 /* FBDialog.bundle */ = {isa = PBXFileReference; lastKnownFileType = "wrapper.plug-in"; path = FBDialog.bundle; sourceTree = "<group>"; };
		90010FED1384991000015FD2 /* FBConnect.h */ = {isa = PBXFileReference; fileEncoding = 4; lastKnownFileType = sourcecode.c.h; path = FBConnect.h; sourceTree = "<group>"; };
		90010FEE1384991000015FD2 /* FBRequest.h */ = {isa = PBXFileReference; fileEncoding = 4; lastKnownFileType = sourcecode.c.h; path = FBRequest.h; sourceTree = "<group>"; };
		90010FEF1384991000015FD2 /* FBRequest.m */ = {isa = PBXFileReference; fileEncoding = 4; lastKnownFileType = sourcecode.c.objc; path = FBRequest.m; sourceTree = "<group>"; };
		90010FF01384991000015FD2 /* Facebook.m */ = {isa = PBXFileReference; fileEncoding = 4; lastKnownFileType = sourcecode.c.objc; path = Facebook.m; sourceTree = "<group>"; };
		90010FF11384991000015FD2 /* Facebook.h */ = {isa = PBXFileReference; fileEncoding = 4; lastKnownFileType = sourcecode.c.h; path = Facebook.h; sourceTree = "<group>"; };
		90010FF21384991000015FD2 /* FBLoginDialog.h */ = {isa = PBXFileReference; fileEncoding = 4; lastKnownFileType = sourcecode.c.h; path = FBLoginDialog.h; sourceTree = "<group>"; };
		90010FF31384991000015FD2 /* FBLoginDialog.m */ = {isa = PBXFileReference; fileEncoding = 4; lastKnownFileType = sourcecode.c.objc; path = FBLoginDialog.m; sourceTree = "<group>"; };
		90010FF41384991000015FD2 /* FBDialog.h */ = {isa = PBXFileReference; fileEncoding = 4; lastKnownFileType = sourcecode.c.h; path = FBDialog.h; sourceTree = "<group>"; };
		90010FF51384991000015FD2 /* FBDialog.m */ = {isa = PBXFileReference; fileEncoding = 4; lastKnownFileType = sourcecode.c.objc; path = FBDialog.m; sourceTree = "<group>"; };
		900160631379F72A00E418AD /* Henry Hi.app */ = {isa = PBXFileReference; explicitFileType = wrapper.application; includeInIndex = 0; path = "Henry Hi.app"; sourceTree = BUILT_PRODUCTS_DIR; };
		900160671379F72A00E418AD /* UIKit.framework */ = {isa = PBXFileReference; lastKnownFileType = wrapper.framework; name = UIKit.framework; path = System/Library/Frameworks/UIKit.framework; sourceTree = SDKROOT; };
		900160691379F72A00E418AD /* Foundation.framework */ = {isa = PBXFileReference; lastKnownFileType = wrapper.framework; name = Foundation.framework; path = System/Library/Frameworks/Foundation.framework; sourceTree = SDKROOT; };
		9001606B1379F72A00E418AD /* CoreGraphics.framework */ = {isa = PBXFileReference; lastKnownFileType = wrapper.framework; name = CoreGraphics.framework; path = System/Library/Frameworks/CoreGraphics.framework; sourceTree = SDKROOT; };
		9001606D1379F72A00E418AD /* CoreData.framework */ = {isa = PBXFileReference; lastKnownFileType = wrapper.framework; name = CoreData.framework; path = System/Library/Frameworks/CoreData.framework; sourceTree = SDKROOT; };
		900160711379F72A00E418AD /* HenryHub-Info.plist */ = {isa = PBXFileReference; lastKnownFileType = text.plist.xml; path = "HenryHub-Info.plist"; sourceTree = "<group>"; };
		900160731379F72A00E418AD /* en */ = {isa = PBXFileReference; lastKnownFileType = text.plist.strings; name = en; path = en.lproj/InfoPlist.strings; sourceTree = "<group>"; };
		900160751379F72A00E418AD /* HenryHub-Prefix.pch */ = {isa = PBXFileReference; lastKnownFileType = sourcecode.c.h; path = "HenryHub-Prefix.pch"; sourceTree = "<group>"; };
		900160761379F72A00E418AD /* main.m */ = {isa = PBXFileReference; lastKnownFileType = sourcecode.c.objc; path = main.m; sourceTree = "<group>"; };
		900160781379F72A00E418AD /* HenryHubAppDelegate.h */ = {isa = PBXFileReference; lastKnownFileType = sourcecode.c.h; path = HenryHubAppDelegate.h; sourceTree = "<group>"; };
		900160791379F72A00E418AD /* HenryHubAppDelegate.m */ = {isa = PBXFileReference; lastKnownFileType = sourcecode.c.objc; path = HenryHubAppDelegate.m; sourceTree = "<group>"; };
		9001607C1379F72A00E418AD /* en */ = {isa = PBXFileReference; lastKnownFileType = file.xib; name = en; path = en.lproj/MainWindow.xib; sourceTree = "<group>"; };
		9002E83F138B6DA900CA2AEF /* back-button-pressed.png */ = {isa = PBXFileReference; lastKnownFileType = image.png; path = "back-button-pressed.png"; sourceTree = "<group>"; };
		9002E840138B6DA900CA2AEF /* back-button-pressed@2x.png */ = {isa = PBXFileReference; lastKnownFileType = image.png; path = "back-button-pressed@2x.png"; sourceTree = "<group>"; };
		9002E841138B6DA900CA2AEF /* back-button.png */ = {isa = PBXFileReference; lastKnownFileType = image.png; path = "back-button.png"; sourceTree = "<group>"; };
		9002E842138B6DA900CA2AEF /* back-button@2x.png */ = {isa = PBXFileReference; lastKnownFileType = image.png; path = "back-button@2x.png"; sourceTree = "<group>"; };
		9002E848138B7C7500CA2AEF /* big-button-bg-pressed.png */ = {isa = PBXFileReference; lastKnownFileType = image.png; path = "big-button-bg-pressed.png"; sourceTree = "<group>"; };
		9002E849138B7C7500CA2AEF /* big-button-bg-pressed@2x.png */ = {isa = PBXFileReference; lastKnownFileType = image.png; path = "big-button-bg-pressed@2x.png"; sourceTree = "<group>"; };
		9002E84A138B7C7500CA2AEF /* big-button-bg.png */ = {isa = PBXFileReference; lastKnownFileType = image.png; path = "big-button-bg.png"; sourceTree = "<group>"; };
		9002E84B138B7C7500CA2AEF /* big-button-bg@2x.png */ = {isa = PBXFileReference; lastKnownFileType = image.png; path = "big-button-bg@2x.png"; sourceTree = "<group>"; };
		9002E84C138B7C7500CA2AEF /* start-logo.png */ = {isa = PBXFileReference; lastKnownFileType = image.png; path = "start-logo.png"; sourceTree = "<group>"; };
		9002E84D138B7C7500CA2AEF /* start-logo@2x.png */ = {isa = PBXFileReference; lastKnownFileType = image.png; path = "start-logo@2x.png"; sourceTree = "<group>"; };
		9002E854138B8F2A00CA2AEF /* arrow-down.png */ = {isa = PBXFileReference; lastKnownFileType = image.png; path = "arrow-down.png"; sourceTree = "<group>"; };
		9002E855138B8F2A00CA2AEF /* arrow-up.png */ = {isa = PBXFileReference; lastKnownFileType = image.png; path = "arrow-up.png"; sourceTree = "<group>"; };
		901D17591392FF6F00615364 /* HistoryCell.xib */ = {isa = PBXFileReference; fileEncoding = 4; lastKnownFileType = file.xib; path = HistoryCell.xib; sourceTree = "<group>"; };
		90220C2F1387328000731424 /* qrcode.png */ = {isa = PBXFileReference; lastKnownFileType = image.png; path = qrcode.png; sourceTree = "<group>"; };
		90220C31138733CE00731424 /* videomock.png */ = {isa = PBXFileReference; lastKnownFileType = image.png; path = videomock.png; sourceTree = "<group>"; };
		90220C331387343800731424 /* Related.h */ = {isa = PBXFileReference; fileEncoding = 4; lastKnownFileType = sourcecode.c.h; path = Related.h; sourceTree = "<group>"; };
		90220C341387343800731424 /* Related.m */ = {isa = PBXFileReference; fileEncoding = 4; lastKnownFileType = sourcecode.c.objc; path = Related.m; sourceTree = "<group>"; };
		90220C351387343800731424 /* Related.xib */ = {isa = PBXFileReference; fileEncoding = 4; lastKnownFileType = file.xib; path = Related.xib; sourceTree = "<group>"; };
		90220C4013873C0200731424 /* facebookmock.png */ = {isa = PBXFileReference; lastKnownFileType = image.png; path = facebookmock.png; sourceTree = "<group>"; };
		902B81851379F83D0086518F /* mainLogo.png */ = {isa = PBXFileReference; lastKnownFileType = image.png; path = mainLogo.png; sourceTree = "<group>"; };
		902B81A8137A00020086518F /* HHubViewController.h */ = {isa = PBXFileReference; fileEncoding = 4; lastKnownFileType = sourcecode.c.h; path = HHubViewController.h; sourceTree = "<group>"; };
		902B81A9137A00020086518F /* HHubViewController.m */ = {isa = PBXFileReference; fileEncoding = 4; lastKnownFileType = sourcecode.c.objc; path = HHubViewController.m; sourceTree = "<group>"; };
		902B81AB137A001B0086518F /* HHubViewController.xib */ = {isa = PBXFileReference; fileEncoding = 4; lastKnownFileType = file.xib; path = HHubViewController.xib; sourceTree = "<group>"; };
		902B81AD137A00350086518F /* OutSide.h */ = {isa = PBXFileReference; fileEncoding = 4; lastKnownFileType = sourcecode.c.h; path = OutSide.h; sourceTree = "<group>"; };
		902B81AE137A00350086518F /* OutSide.m */ = {isa = PBXFileReference; fileEncoding = 4; lastKnownFileType = sourcecode.c.objc; path = OutSide.m; sourceTree = "<group>"; };
		902B81AF137A00350086518F /* OutSide.xib */ = {isa = PBXFileReference; fileEncoding = 4; lastKnownFileType = file.xib; path = OutSide.xib; sourceTree = "<group>"; };
		902B81B2137A004A0086518F /* InSide.h */ = {isa = PBXFileReference; fileEncoding = 4; lastKnownFileType = sourcecode.c.h; path = InSide.h; sourceTree = "<group>"; };
		902B81B3137A004A0086518F /* InSide.m */ = {isa = PBXFileReference; fileEncoding = 4; lastKnownFileType = sourcecode.c.objc; path = InSide.m; sourceTree = "<group>"; };
		902B81B4137A004A0086518F /* InSide.xib */ = {isa = PBXFileReference; fileEncoding = 4; lastKnownFileType = file.xib; path = InSide.xib; sourceTree = "<group>"; };
		902B81BF137A0FA80086518F /* NSDataAdditions.h */ = {isa = PBXFileReference; fileEncoding = 4; lastKnownFileType = sourcecode.c.h; path = NSDataAdditions.h; sourceTree = "<group>"; };
		902B81C0137A0FA80086518F /* NSDataAdditions.m */ = {isa = PBXFileReference; fileEncoding = 4; lastKnownFileType = sourcecode.c.objc; path = NSDataAdditions.m; sourceTree = "<group>"; };
		902B81C1137A0FA80086518F /* TBXML.h */ = {isa = PBXFileReference; fileEncoding = 4; lastKnownFileType = sourcecode.c.h; path = TBXML.h; sourceTree = "<group>"; };
		902B81C2137A0FA80086518F /* TBXML.m */ = {isa = PBXFileReference; fileEncoding = 4; lastKnownFileType = sourcecode.c.objc; path = TBXML.m; sourceTree = "<group>"; };
		902B81CC137A10470086518F /* libz.dylib */ = {isa = PBXFileReference; lastKnownFileType = "compiled.mach-o.dylib"; name = libz.dylib; path = usr/lib/libz.dylib; sourceTree = SDKROOT; };
		906D1808139622A600111B3D /* HubPieceRelated.h */ = {isa = PBXFileReference; fileEncoding = 4; lastKnownFileType = sourcecode.c.h; path = HubPieceRelated.h; sourceTree = "<group>"; };
		906D1809139622A600111B3D /* HubPieceRelated.m */ = {isa = PBXFileReference; fileEncoding = 4; lastKnownFileType = sourcecode.c.objc; path = HubPieceRelated.m; sourceTree = "<group>"; };
		906F40161384BD9900617877 /* JSON.h */ = {isa = PBXFileReference; fileEncoding = 4; lastKnownFileType = sourcecode.c.h; path = JSON.h; sourceTree = "<group>"; };
		906F40171384BD9900617877 /* NSObject+SBJSON.h */ = {isa = PBXFileReference; fileEncoding = 4; lastKnownFileType = sourcecode.c.h; path = "NSObject+SBJSON.h"; sourceTree = "<group>"; };
		906F40181384BD9900617877 /* NSObject+SBJSON.m */ = {isa = PBXFileReference; fileEncoding = 4; lastKnownFileType = sourcecode.c.objc; path = "NSObject+SBJSON.m"; sourceTree = "<group>"; };
		906F40191384BD9900617877 /* NSString+SBJSON.h */ = {isa = PBXFileReference; fileEncoding = 4; lastKnownFileType = sourcecode.c.h; path = "NSString+SBJSON.h"; sourceTree = "<group>"; };
		906F401A1384BD9900617877 /* NSString+SBJSON.m */ = {isa = PBXFileReference; fileEncoding = 4; lastKnownFileType = sourcecode.c.objc; path = "NSString+SBJSON.m"; sourceTree = "<group>"; };
		906F401B1384BD9900617877 /* SBJSON.h */ = {isa = PBXFileReference; fileEncoding = 4; lastKnownFileType = sourcecode.c.h; path = SBJSON.h; sourceTree = "<group>"; };
		906F401C1384BD9900617877 /* SBJSON.m */ = {isa = PBXFileReference; fileEncoding = 4; lastKnownFileType = sourcecode.c.objc; path = SBJSON.m; sourceTree = "<group>"; };
		906F401D1384BD9900617877 /* SBJsonBase.h */ = {isa = PBXFileReference; fileEncoding = 4; lastKnownFileType = sourcecode.c.h; path = SBJsonBase.h; sourceTree = "<group>"; };
		906F401E1384BD9900617877 /* SBJsonBase.m */ = {isa = PBXFileReference; fileEncoding = 4; lastKnownFileType = sourcecode.c.objc; path = SBJsonBase.m; sourceTree = "<group>"; };
		906F401F1384BD9900617877 /* SBJsonParser.h */ = {isa = PBXFileReference; fileEncoding = 4; lastKnownFileType = sourcecode.c.h; path = SBJsonParser.h; sourceTree = "<group>"; };
		906F40201384BD9900617877 /* SBJsonParser.m */ = {isa = PBXFileReference; fileEncoding = 4; lastKnownFileType = sourcecode.c.objc; path = SBJsonParser.m; sourceTree = "<group>"; };
		906F40211384BD9900617877 /* SBJsonWriter.h */ = {isa = PBXFileReference; fileEncoding = 4; lastKnownFileType = sourcecode.c.h; path = SBJsonWriter.h; sourceTree = "<group>"; };
		906F40221384BD9900617877 /* SBJsonWriter.m */ = {isa = PBXFileReference; fileEncoding = 4; lastKnownFileType = sourcecode.c.objc; path = SBJsonWriter.m; sourceTree = "<group>"; };
		90728E81138054B400F95A36 /* Decoder.h */ = {isa = PBXFileReference; fileEncoding = 4; lastKnownFileType = sourcecode.c.h; path = Decoder.h; sourceTree = "<group>"; };
		90728E82138054B400F95A36 /* Exception.h */ = {isa = PBXFileReference; fileEncoding = 4; lastKnownFileType = sourcecode.c.h; path = Exception.h; sourceTree = "<group>"; };
		90728E83138054B400F95A36 /* Image.h */ = {isa = PBXFileReference; fileEncoding = 4; lastKnownFileType = sourcecode.c.h; path = Image.h; sourceTree = "<group>"; };
		90728E84138054B400F95A36 /* ImageScanner.h */ = {isa = PBXFileReference; fileEncoding = 4; lastKnownFileType = sourcecode.c.h; path = ImageScanner.h; sourceTree = "<group>"; };
		90728E85138054B400F95A36 /* Processor.h */ = {isa = PBXFileReference; fileEncoding = 4; lastKnownFileType = sourcecode.c.h; path = Processor.h; sourceTree = "<group>"; };
		90728E86138054B400F95A36 /* Scanner.h */ = {isa = PBXFileReference; fileEncoding = 4; lastKnownFileType = sourcecode.c.h; path = Scanner.h; sourceTree = "<group>"; };
		90728E87138054B400F95A36 /* Symbol.h */ = {isa = PBXFileReference; fileEncoding = 4; lastKnownFileType = sourcecode.c.h; path = Symbol.h; sourceTree = "<group>"; };
		90728E88138054B400F95A36 /* Video.h */ = {isa = PBXFileReference; fileEncoding = 4; lastKnownFileType = sourcecode.c.h; path = Video.h; sourceTree = "<group>"; };
		90728E89138054B400F95A36 /* Window.h */ = {isa = PBXFileReference; fileEncoding = 4; lastKnownFileType = sourcecode.c.h; path = Window.h; sourceTree = "<group>"; };
		90728E8A138054B400F95A36 /* zbar.h */ = {isa = PBXFileReference; fileEncoding = 4; lastKnownFileType = sourcecode.c.h; path = zbar.h; sourceTree = "<group>"; };
		90728E8B138054B400F95A36 /* ZBarCaptureReader.h */ = {isa = PBXFileReference; fileEncoding = 4; lastKnownFileType = sourcecode.c.h; path = ZBarCaptureReader.h; sourceTree = "<group>"; };
		90728E8C138054B400F95A36 /* ZBarHelpController.h */ = {isa = PBXFileReference; fileEncoding = 4; lastKnownFileType = sourcecode.c.h; path = ZBarHelpController.h; sourceTree = "<group>"; };
		90728E8D138054B400F95A36 /* ZBarImage.h */ = {isa = PBXFileReference; fileEncoding = 4; lastKnownFileType = sourcecode.c.h; path = ZBarImage.h; sourceTree = "<group>"; };
		90728E8E138054B400F95A36 /* ZBarImageScanner.h */ = {isa = PBXFileReference; fileEncoding = 4; lastKnownFileType = sourcecode.c.h; path = ZBarImageScanner.h; sourceTree = "<group>"; };
		90728E8F138054B400F95A36 /* ZBarReaderController.h */ = {isa = PBXFileReference; fileEncoding = 4; lastKnownFileType = sourcecode.c.h; path = ZBarReaderController.h; sourceTree = "<group>"; };
		90728E90138054B400F95A36 /* ZBarReaderView.h */ = {isa = PBXFileReference; fileEncoding = 4; lastKnownFileType = sourcecode.c.h; path = ZBarReaderView.h; sourceTree = "<group>"; };
		90728E91138054B400F95A36 /* ZBarReaderViewController.h */ = {isa = PBXFileReference; fileEncoding = 4; lastKnownFileType = sourcecode.c.h; path = ZBarReaderViewController.h; sourceTree = "<group>"; };
		90728E92138054B400F95A36 /* ZBarSDK.h */ = {isa = PBXFileReference; fileEncoding = 4; lastKnownFileType = sourcecode.c.h; path = ZBarSDK.h; sourceTree = "<group>"; };
		90728E93138054B400F95A36 /* ZBarSymbol.h */ = {isa = PBXFileReference; fileEncoding = 4; lastKnownFileType = sourcecode.c.h; path = ZBarSymbol.h; sourceTree = "<group>"; };
		90728E94138054B400F95A36 /* libzbar.a */ = {isa = PBXFileReference; lastKnownFileType = archive.ar; path = libzbar.a; sourceTree = "<group>"; };
		90728E96138054B400F95A36 /* zbar-back.png */ = {isa = PBXFileReference; lastKnownFileType = image.png; path = "zbar-back.png"; sourceTree = "<group>"; };
		90728E97138054B400F95A36 /* zbar-help.html */ = {isa = PBXFileReference; fileEncoding = 4; lastKnownFileType = text.html; path = "zbar-help.html"; sourceTree = "<group>"; };
		90728E98138054B400F95A36 /* zbar-helpicons.png */ = {isa = PBXFileReference; lastKnownFileType = image.png; path = "zbar-helpicons.png"; sourceTree = "<group>"; };
		90728E99138054B400F95A36 /* zbar-samples.png */ = {isa = PBXFileReference; lastKnownFileType = image.png; path = "zbar-samples.png"; sourceTree = "<group>"; };
		90728EA01380550E00F95A36 /* AVFoundation.framework */ = {isa = PBXFileReference; lastKnownFileType = wrapper.framework; name = AVFoundation.framework; path = System/Library/Frameworks/AVFoundation.framework; sourceTree = SDKROOT; };
		90728EA21380553E00F95A36 /* CoreMedia.framework */ = {isa = PBXFileReference; lastKnownFileType = wrapper.framework; name = CoreMedia.framework; path = System/Library/Frameworks/CoreMedia.framework; sourceTree = SDKROOT; };
		90728EA41380554400F95A36 /* CoreVideo.framework */ = {isa = PBXFileReference; lastKnownFileType = wrapper.framework; name = CoreVideo.framework; path = System/Library/Frameworks/CoreVideo.framework; sourceTree = SDKROOT; };
		90728EA61380555100F95A36 /* libiconv.dylib */ = {isa = PBXFileReference; lastKnownFileType = "compiled.mach-o.dylib"; name = libiconv.dylib; path = usr/lib/libiconv.dylib; sourceTree = SDKROOT; };
		90728EA81380555E00F95A36 /* QuartzCore.framework */ = {isa = PBXFileReference; lastKnownFileType = wrapper.framework; name = QuartzCore.framework; path = System/Library/Frameworks/QuartzCore.framework; sourceTree = SDKROOT; };
		9086AD3C1385F272001B2F9D /* menu_buttons.png */ = {isa = PBXFileReference; lastKnownFileType = image.png; path = menu_buttons.png; sourceTree = "<group>"; };
		9086AD3D1385F272001B2F9D /* menu_buttons@2x.png */ = {isa = PBXFileReference; lastKnownFileType = image.png; path = "menu_buttons@2x.png"; sourceTree = "<group>"; };
		909138811394503600CF920C /* InSideView.h */ = {isa = PBXFileReference; fileEncoding = 4; lastKnownFileType = sourcecode.c.h; path = InSideView.h; sourceTree = "<group>"; };
		909138821394503600CF920C /* InSideView.m */ = {isa = PBXFileReference; fileEncoding = 4; lastKnownFileType = sourcecode.c.objc; path = InSideView.m; sourceTree = "<group>"; };
		909B2A22137CFD030031A107 /* loadingscreen.png */ = {isa = PBXFileReference; lastKnownFileType = image.png; path = loadingscreen.png; sourceTree = "<group>"; };
		909B2A23137CFD030031A107 /* loadingscreen@2x.png */ = {isa = PBXFileReference; lastKnownFileType = image.png; path = "loadingscreen@2x.png"; sourceTree = "<group>"; };
		90A18649138DB1A20056C382 /* HubXMLConnection.h */ = {isa = PBXFileReference; fileEncoding = 4; lastKnownFileType = sourcecode.c.h; path = HubXMLConnection.h; sourceTree = "<group>"; };
		90A1864A138DB1A20056C382 /* HubXMLConnection.m */ = {isa = PBXFileReference; fileEncoding = 4; lastKnownFileType = sourcecode.c.objc; path = HubXMLConnection.m; sourceTree = "<group>"; };
		90A1864E138DB8F70056C382 /* HenryHub.xcdatamodel */ = {isa = PBXFileReference; lastKnownFileType = wrapper.xcdatamodel; path = HenryHub.xcdatamodel; sourceTree = "<group>"; };
		90A1864F138DB8F70056C382 /* HubPiece.h */ = {isa = PBXFileReference; fileEncoding = 4; lastKnownFileType = sourcecode.c.h; path = HubPiece.h; sourceTree = "<group>"; };
		90A18650138DB8F70056C382 /* HubPiece.m */ = {isa = PBXFileReference; fileEncoding = 4; lastKnownFileType = sourcecode.c.objc; path = HubPiece.m; sourceTree = "<group>"; };
		90A18651138DB8F70056C382 /* HubPieceAudio.h */ = {isa = PBXFileReference; fileEncoding = 4; lastKnownFileType = sourcecode.c.h; path = HubPieceAudio.h; sourceTree = "<group>"; };
		90A18652138DB8F70056C382 /* HubPieceAudio.m */ = {isa = PBXFileReference; fileEncoding = 4; lastKnownFileType = sourcecode.c.objc; path = HubPieceAudio.m; sourceTree = "<group>"; };
		90A18653138DB8F70056C382 /* HubPieceImage.h */ = {isa = PBXFileReference; fileEncoding = 4; lastKnownFileType = sourcecode.c.h; path = HubPieceImage.h; sourceTree = "<group>"; };
		90A18654138DB8F70056C382 /* HubPieceImage.m */ = {isa = PBXFileReference; fileEncoding = 4; lastKnownFileType = sourcecode.c.objc; path = HubPieceImage.m; sourceTree = "<group>"; };
		90A18657138DB8F70056C382 /* HubPieceVideo.h */ = {isa = PBXFileReference; fileEncoding = 4; lastKnownFileType = sourcecode.c.h; path = HubPieceVideo.h; sourceTree = "<group>"; };
		90A18658138DB8F70056C382 /* HubPieceVideo.m */ = {isa = PBXFileReference; fileEncoding = 4; lastKnownFileType = sourcecode.c.objc; path = HubPieceVideo.m; sourceTree = "<group>"; };
		90A18661138DB9A30056C382 /* HHLabel_BrandonRegular.h */ = {isa = PBXFileReference; fileEncoding = 4; lastKnownFileType = sourcecode.c.h; path = HHLabel_BrandonRegular.h; sourceTree = "<group>"; };
		90A18662138DB9A30056C382 /* HHLabel_BrandonRegular.m */ = {isa = PBXFileReference; fileEncoding = 4; lastKnownFileType = sourcecode.c.objc; path = HHLabel_BrandonRegular.m; sourceTree = "<group>"; };
		90A18664138DBAAB0056C382 /* HHLabel_BrandonBold.h */ = {isa = PBXFileReference; fileEncoding = 4; lastKnownFileType = sourcecode.c.h; path = HHLabel_BrandonBold.h; sourceTree = "<group>"; };
		90A18665138DBAAB0056C382 /* HHLabel_BrandonBold.m */ = {isa = PBXFileReference; fileEncoding = 4; lastKnownFileType = sourcecode.c.objc; path = HHLabel_BrandonBold.m; sourceTree = "<group>"; };
		90A18667138DBB280056C382 /* HHTextView_BrandonRegular.h */ = {isa = PBXFileReference; fileEncoding = 4; lastKnownFileType = sourcecode.c.h; path = HHTextView_BrandonRegular.h; sourceTree = "<group>"; };
		90A18668138DBB280056C382 /* HHTextView_BrandonRegular.m */ = {isa = PBXFileReference; fileEncoding = 4; lastKnownFileType = sourcecode.c.objc; path = HHTextView_BrandonRegular.m; sourceTree = "<group>"; };
		90A1866A138DBCE80056C382 /* HHTextView_BrandonBold.h */ = {isa = PBXFileReference; fileEncoding = 4; lastKnownFileType = sourcecode.c.h; path = HHTextView_BrandonBold.h; sourceTree = "<group>"; };
		90A1866B138DBCE90056C382 /* HHTextView_BrandonBold.m */ = {isa = PBXFileReference; fileEncoding = 4; lastKnownFileType = sourcecode.c.objc; path = HHTextView_BrandonBold.m; sourceTree = "<group>"; };
		90A1866D138DFF630056C382 /* VideoTableViewCell.xib */ = {isa = PBXFileReference; fileEncoding = 4; lastKnownFileType = file.xib; path = VideoTableViewCell.xib; sourceTree = "<group>"; };
		90A1866F138E40500056C382 /* UILabel+VerticalAlign.h */ = {isa = PBXFileReference; fileEncoding = 4; lastKnownFileType = sourcecode.c.h; path = "UILabel+VerticalAlign.h"; sourceTree = "<group>"; };
		90A18670138E40510056C382 /* UILabel+VerticalAlign.m */ = {isa = PBXFileReference; fileEncoding = 4; lastKnownFileType = sourcecode.c.objc; path = "UILabel+VerticalAlign.m"; sourceTree = "<group>"; };
		90AC6EA61388AA9E009B486C /* loadingscreen-v2.png */ = {isa = PBXFileReference; lastKnownFileType = image.png; path = "loadingscreen-v2.png"; sourceTree = "<group>"; };
		90AC6EA71388AA9E009B486C /* loadingscreen-v2@2x.png */ = {isa = PBXFileReference; lastKnownFileType = image.png; path = "loadingscreen-v2@2x.png"; sourceTree = "<group>"; };
		90AC6EAB1388AAD9009B486C /* Default@2x.png */ = {isa = PBXFileReference; lastKnownFileType = image.png; name = "Default@2x.png"; path = "../Default@2x.png"; sourceTree = "<group>"; };
		90AC6EB11388C307009B486C /* icon@2x.png */ = {isa = PBXFileReference; lastKnownFileType = image.png; name = "icon@2x.png"; path = "../icon@2x.png"; sourceTree = "<group>"; };
		90AC6EB31388C30E009B486C /* icon.png */ = {isa = PBXFileReference; lastKnownFileType = image.png; name = icon.png; path = ../icon.png; sourceTree = "<group>"; };
		90ADBE631386C8A400B3D09E /* AudioToolbox.framework */ = {isa = PBXFileReference; lastKnownFileType = wrapper.framework; name = AudioToolbox.framework; path = System/Library/Frameworks/AudioToolbox.framework; sourceTree = SDKROOT; };
		90ADBE641386C8A400B3D09E /* OpenAL.framework */ = {isa = PBXFileReference; lastKnownFileType = wrapper.framework; name = OpenAL.framework; path = System/Library/Frameworks/OpenAL.framework; sourceTree = SDKROOT; };
		90ADBE681386C99900B3D09E /* Decoder.h */ = {isa = PBXFileReference; fileEncoding = 4; lastKnownFileType = sourcecode.c.h; name = Decoder.h; path = Finch/Source/Decoder.h; sourceTree = "<group>"; };
		90ADBE691386C99900B3D09E /* Decoder.m */ = {isa = PBXFileReference; fileEncoding = 4; lastKnownFileType = sourcecode.c.objc; name = Decoder.m; path = Finch/Source/Decoder.m; sourceTree = "<group>"; };
		90ADBE6A1386C99900B3D09E /* Finch.h */ = {isa = PBXFileReference; fileEncoding = 4; lastKnownFileType = sourcecode.c.h; name = Finch.h; path = Finch/Source/Finch.h; sourceTree = "<group>"; };
		90ADBE6B1386C99900B3D09E /* Finch.m */ = {isa = PBXFileReference; fileEncoding = 4; lastKnownFileType = sourcecode.c.objc; name = Finch.m; path = Finch/Source/Finch.m; sourceTree = "<group>"; };
		90ADBE6C1386C99900B3D09E /* PCMDecoder.h */ = {isa = PBXFileReference; fileEncoding = 4; lastKnownFileType = sourcecode.c.h; name = PCMDecoder.h; path = Finch/Source/PCMDecoder.h; sourceTree = "<group>"; };
		90ADBE6D1386C99900B3D09E /* PCMDecoder.m */ = {isa = PBXFileReference; fileEncoding = 4; lastKnownFileType = sourcecode.c.objc; name = PCMDecoder.m; path = Finch/Source/PCMDecoder.m; sourceTree = "<group>"; };
		90ADBE6E1386C99900B3D09E /* Reporter.h */ = {isa = PBXFileReference; fileEncoding = 4; lastKnownFileType = sourcecode.c.h; name = Reporter.h; path = Finch/Source/Reporter.h; sourceTree = "<group>"; };
		90ADBE6F1386C99900B3D09E /* Reporter.m */ = {isa = PBXFileReference; fileEncoding = 4; lastKnownFileType = sourcecode.c.objc; name = Reporter.m; path = Finch/Source/Reporter.m; sourceTree = "<group>"; };
		90ADBE701386C99900B3D09E /* RevolverSound.h */ = {isa = PBXFileReference; fileEncoding = 4; lastKnownFileType = sourcecode.c.h; name = RevolverSound.h; path = Finch/Source/RevolverSound.h; sourceTree = "<group>"; };
		90ADBE711386C99900B3D09E /* RevolverSound.m */ = {isa = PBXFileReference; fileEncoding = 4; lastKnownFileType = sourcecode.c.objc; name = RevolverSound.m; path = Finch/Source/RevolverSound.m; sourceTree = "<group>"; };
		90ADBE721386C99900B3D09E /* Sample.h */ = {isa = PBXFileReference; fileEncoding = 4; lastKnownFileType = sourcecode.c.h; name = Sample.h; path = Finch/Source/Sample.h; sourceTree = "<group>"; };
		90ADBE731386C99900B3D09E /* Sample.m */ = {isa = PBXFileReference; fileEncoding = 4; lastKnownFileType = sourcecode.c.objc; name = Sample.m; path = Finch/Source/Sample.m; sourceTree = "<group>"; };
		90ADBE741386C99900B3D09E /* Sound.h */ = {isa = PBXFileReference; fileEncoding = 4; lastKnownFileType = sourcecode.c.h; name = Sound.h; path = Finch/Source/Sound.h; sourceTree = "<group>"; };
		90ADBE751386C99900B3D09E /* Sound.m */ = {isa = PBXFileReference; fileEncoding = 4; lastKnownFileType = sourcecode.c.objc; name = Sound.m; path = Finch/Source/Sound.m; sourceTree = "<group>"; };
		90B1059B138AC3E600611725 /* share-icon-pressed.png */ = {isa = PBXFileReference; lastKnownFileType = image.png; path = "share-icon-pressed.png"; sourceTree = "<group>"; };
		90B1059C138AC3E600611725 /* share-icon-pressed@2x.png */ = {isa = PBXFileReference; lastKnownFileType = image.png; path = "share-icon-pressed@2x.png"; sourceTree = "<group>"; };
		90B1059D138AC3E600611725 /* share-icon.png */ = {isa = PBXFileReference; lastKnownFileType = image.png; path = "share-icon.png"; sourceTree = "<group>"; };
		90B1059E138AC3E600611725 /* share-icon@2x.png */ = {isa = PBXFileReference; lastKnownFileType = image.png; path = "share-icon@2x.png"; sourceTree = "<group>"; };
		90BB22E513832ED900C7797F /* scan_logo.png */ = {isa = PBXFileReference; lastKnownFileType = image.png; path = scan_logo.png; sourceTree = "<group>"; };
		90BB22E613832ED900C7797F /* scan_logo@2x.png */ = {isa = PBXFileReference; lastKnownFileType = image.png; path = "scan_logo@2x.png"; sourceTree = "<group>"; };
		90E0B6F9138D9C79006FB6D0 /* Brandon_bld_it.otf */ = {isa = PBXFileReference; lastKnownFileType = file; path = Brandon_bld_it.otf; sourceTree = "<group>"; };
		90E0B6FA138D9C79006FB6D0 /* Brandon_bld.otf */ = {isa = PBXFileReference; lastKnownFileType = file; path = Brandon_bld.otf; sourceTree = "<group>"; };
		90E0B6FB138D9C79006FB6D0 /* Brandon_reg_it.otf */ = {isa = PBXFileReference; lastKnownFileType = file; path = Brandon_reg_it.otf; sourceTree = "<group>"; };
		90E0B6FC138D9C79006FB6D0 /* Brandon_reg.otf */ = {isa = PBXFileReference; lastKnownFileType = file; path = Brandon_reg.otf; sourceTree = "<group>"; };
		90F6FDC81384F7FE00A96A02 /* Default.png */ = {isa = PBXFileReference; lastKnownFileType = image.png; name = Default.png; path = ../Default.png; sourceTree = "<group>"; };
/* End PBXFileReference section */

/* Begin PBXFrameworksBuildPhase section */
		900160601379F72A00E418AD /* Frameworks */ = {
			isa = PBXFrameworksBuildPhase;
			buildActionMask = 2147483647;
			files = (
				90ADBE651386C8A400B3D09E /* AudioToolbox.framework in Frameworks */,
				90ADBE661386C8A400B3D09E /* OpenAL.framework in Frameworks */,
				90728EA91380555E00F95A36 /* QuartzCore.framework in Frameworks */,
				90728EA71380555100F95A36 /* libiconv.dylib in Frameworks */,
				90728EA51380554400F95A36 /* CoreVideo.framework in Frameworks */,
				90728EA31380553E00F95A36 /* CoreMedia.framework in Frameworks */,
				90728EA11380550E00F95A36 /* AVFoundation.framework in Frameworks */,
				902B81CD137A10470086518F /* libz.dylib in Frameworks */,
				900160681379F72A00E418AD /* UIKit.framework in Frameworks */,
				9001606A1379F72A00E418AD /* Foundation.framework in Frameworks */,
				9001606C1379F72A00E418AD /* CoreGraphics.framework in Frameworks */,
				9001606E1379F72A00E418AD /* CoreData.framework in Frameworks */,
				90728E9A138054B400F95A36 /* libzbar.a in Frameworks */,
			);
			runOnlyForDeploymentPostprocessing = 0;
		};
/* End PBXFrameworksBuildPhase section */

/* Begin PBXGroup section */
		8E94F6BE137A089100580A6C /* HubPieceView */ = {
			isa = PBXGroup;
			children = (
				8E94F6C5137A08CC00580A6C /* HubPieceView.h */,
				8E94F6C6137A08CC00580A6C /* HubPieceView.m */,
				8EED84A51380745C00096292 /* HubPieceView.xib */,
			);
			name = HubPieceView;
			sourceTree = "<group>";
		};
		8E9A5451138492CD00B5A5C7 /* Video */ = {
			isa = PBXGroup;
			children = (
				8E9A543A13833E7600B5A5C7 /* Video.h */,
				8E9A543B13833E7600B5A5C7 /* Video.m */,
				8E9A543C13833E7600B5A5C7 /* Video.xib */,
				90A1866D138DFF630056C382 /* VideoTableViewCell.xib */,
			);
			name = Video;
			sourceTree = "<group>";
		};
		900160581379F72A00E418AD = {
			isa = PBXGroup;
			children = (
				9001606F1379F72A00E418AD /* HenryHub */,
				900160661379F72A00E418AD /* Frameworks */,
				900160641379F72A00E418AD /* Products */,
			);
			sourceTree = "<group>";
		};
		900160641379F72A00E418AD /* Products */ = {
			isa = PBXGroup;
			children = (
				900160631379F72A00E418AD /* Henry Hi.app */,
			);
			name = Products;
			sourceTree = "<group>";
		};
		900160661379F72A00E418AD /* Frameworks */ = {
			isa = PBXGroup;
			children = (
				90ADBE631386C8A400B3D09E /* AudioToolbox.framework */,
				90ADBE641386C8A400B3D09E /* OpenAL.framework */,
				90728EA81380555E00F95A36 /* QuartzCore.framework */,
				90728EA41380554400F95A36 /* CoreVideo.framework */,
				90728EA21380553E00F95A36 /* CoreMedia.framework */,
				90728EA01380550E00F95A36 /* AVFoundation.framework */,
				900160671379F72A00E418AD /* UIKit.framework */,
				900160691379F72A00E418AD /* Foundation.framework */,
				9001606B1379F72A00E418AD /* CoreGraphics.framework */,
				9001606D1379F72A00E418AD /* CoreData.framework */,
			);
			name = Frameworks;
			sourceTree = "<group>";
		};
		9001606F1379F72A00E418AD /* HenryHub */ = {
			isa = PBXGroup;
			children = (
				900160781379F72A00E418AD /* HenryHubAppDelegate.h */,
				900160791379F72A00E418AD /* HenryHubAppDelegate.m */,
				9001607B1379F72A00E418AD /* MainWindow.xib */,
				902B81841379F81A0086518F /* Views */,
				90A1864C138DB7C50056C382 /* Custom Classes */,
				900160701379F72A00E418AD /* Supporting Files */,
				902B81831379F8120086518F /* Images */,
			);
			path = HenryHub;
			sourceTree = "<group>";
		};
		900160701379F72A00E418AD /* Supporting Files */ = {
			isa = PBXGroup;
			children = (
				90E0B6F7138D9C4E006FB6D0 /* Fonts */,
				90ADBE671386C97F00B3D09E /* Finch */,
				900160711379F72A00E418AD /* HenryHub-Info.plist */,
				900160721379F72A00E418AD /* InfoPlist.strings */,
				900160751379F72A00E418AD /* HenryHub-Prefix.pch */,
				900160761379F72A00E418AD /* main.m */,
				902B81CC137A10470086518F /* libz.dylib */,
				90728EA61380555100F95A36 /* libiconv.dylib */,
				905410DC1384984A000BC652 /* FacebookSDK */,
				90728E7D138054B400F95A36 /* ZBarSDK */,
				902B81CB137A0FEE0086518F /* TBXML */,
			);
			name = "Supporting Files";
			sourceTree = "<group>";
		};
		902B816F1379F77F0086518F /* Start */ = {
			isa = PBXGroup;
			children = (
				902B81A8137A00020086518F /* HHubViewController.h */,
				902B81A9137A00020086518F /* HHubViewController.m */,
				902B81AB137A001B0086518F /* HHubViewController.xib */,
			);
			name = Start;
			sourceTree = "<group>";
		};
		902B81711379F79E0086518F /* Outside */ = {
			isa = PBXGroup;
			children = (
				902B81AD137A00350086518F /* OutSide.h */,
				902B81AE137A00350086518F /* OutSide.m */,
				902B81AF137A00350086518F /* OutSide.xib */,
			);
			name = Outside;
			sourceTree = "<group>";
		};
		902B81721379F7A30086518F /* Inside */ = {
			isa = PBXGroup;
			children = (
				8E94F6BE137A089100580A6C /* HubPieceView */,
				90ADBE621386480500B3D09E /* Audio */,
				90ADBE61138647FB00B3D09E /* Images */,
				90ADBE60138647EC00B3D09E /* Related */,
				8E9A5451138492CD00B5A5C7 /* Video */,
				902B81B2137A004A0086518F /* InSide.h */,
				902B81B3137A004A0086518F /* InSide.m */,
				902B81B4137A004A0086518F /* InSide.xib */,
				909138811394503600CF920C /* InSideView.h */,
				909138821394503600CF920C /* InSideView.m */,
				901D17591392FF6F00615364 /* HistoryCell.xib */,
			);
			name = Inside;
			sourceTree = "<group>";
		};
		902B81831379F8120086518F /* Images */ = {
			isa = PBXGroup;
			children = (
				90B1058A138AC07500611725 /* Buttons */,
				9002E854138B8F2A00CA2AEF /* arrow-down.png */,
				9002E855138B8F2A00CA2AEF /* arrow-up.png */,
				90AC6EB31388C30E009B486C /* icon.png */,
				90AC6EB11388C307009B486C /* icon@2x.png */,
				90AC6EAB1388AAD9009B486C /* Default@2x.png */,
				90AC6EA61388AA9E009B486C /* loadingscreen-v2.png */,
				90AC6EA71388AA9E009B486C /* loadingscreen-v2@2x.png */,
				90220C4013873C0200731424 /* facebookmock.png */,
				90220C31138733CE00731424 /* videomock.png */,
				90220C2F1387328000731424 /* qrcode.png */,
				909B2A22137CFD030031A107 /* loadingscreen.png */,
				909B2A23137CFD030031A107 /* loadingscreen@2x.png */,
				90F6FDC81384F7FE00A96A02 /* Default.png */,
				902B81851379F83D0086518F /* mainLogo.png */,
				90BB22E513832ED900C7797F /* scan_logo.png */,
				90BB22E613832ED900C7797F /* scan_logo@2x.png */,
			);
			name = Images;
			sourceTree = "<group>";
		};
		902B81841379F81A0086518F /* Views */ = {
			isa = PBXGroup;
			children = (
				902B81721379F7A30086518F /* Inside */,
				902B81711379F79E0086518F /* Outside */,
				902B816F1379F77F0086518F /* Start */,
			);
			name = Views;
			sourceTree = "<group>";
		};
		902B81CB137A0FEE0086518F /* TBXML */ = {
			isa = PBXGroup;
			children = (
				902B81BF137A0FA80086518F /* NSDataAdditions.h */,
				902B81C0137A0FA80086518F /* NSDataAdditions.m */,
				902B81C1137A0FA80086518F /* TBXML.h */,
				902B81C2137A0FA80086518F /* TBXML.m */,
			);
			name = TBXML;
			sourceTree = "<group>";
		};
		905410DC1384984A000BC652 /* FacebookSDK */ = {
			isa = PBXGroup;
			children = (
				906F40151384BD7F00617877 /* JSON */,
				90010FEC1384991000015FD2 /* FBDialog.bundle */,
				90010FED1384991000015FD2 /* FBConnect.h */,
				90010FEE1384991000015FD2 /* FBRequest.h */,
				90010FEF1384991000015FD2 /* FBRequest.m */,
				90010FF11384991000015FD2 /* Facebook.h */,
				90010FF01384991000015FD2 /* Facebook.m */,
				90010FF21384991000015FD2 /* FBLoginDialog.h */,
				90010FF31384991000015FD2 /* FBLoginDialog.m */,
				90010FF41384991000015FD2 /* FBDialog.h */,
				90010FF51384991000015FD2 /* FBDialog.m */,
			);
			name = FacebookSDK;
			sourceTree = "<group>";
		};
		906F40151384BD7F00617877 /* JSON */ = {
			isa = PBXGroup;
			children = (
				906F40161384BD9900617877 /* JSON.h */,
				906F40171384BD9900617877 /* NSObject+SBJSON.h */,
				906F40181384BD9900617877 /* NSObject+SBJSON.m */,
				906F40191384BD9900617877 /* NSString+SBJSON.h */,
				906F401A1384BD9900617877 /* NSString+SBJSON.m */,
				906F401B1384BD9900617877 /* SBJSON.h */,
				906F401C1384BD9900617877 /* SBJSON.m */,
				906F401D1384BD9900617877 /* SBJsonBase.h */,
				906F401E1384BD9900617877 /* SBJsonBase.m */,
				906F401F1384BD9900617877 /* SBJsonParser.h */,
				906F40201384BD9900617877 /* SBJsonParser.m */,
				906F40211384BD9900617877 /* SBJsonWriter.h */,
				906F40221384BD9900617877 /* SBJsonWriter.m */,
			);
			name = JSON;
			sourceTree = "<group>";
		};
		90728E7D138054B400F95A36 /* ZBarSDK */ = {
			isa = PBXGroup;
			children = (
				90728E7E138054B400F95A36 /* Headers */,
				90728E94138054B400F95A36 /* libzbar.a */,
				90728E95138054B400F95A36 /* Resources */,
			);
			path = ZBarSDK;
			sourceTree = "<group>";
		};
		90728E7E138054B400F95A36 /* Headers */ = {
			isa = PBXGroup;
			children = (
				90728E7F138054B400F95A36 /* ZBarSDK */,
			);
			path = Headers;
			sourceTree = "<group>";
		};
		90728E7F138054B400F95A36 /* ZBarSDK */ = {
			isa = PBXGroup;
			children = (
				90728E80138054B400F95A36 /* zbar */,
				90728E8A138054B400F95A36 /* zbar.h */,
				90728E8B138054B400F95A36 /* ZBarCaptureReader.h */,
				90728E8C138054B400F95A36 /* ZBarHelpController.h */,
				90728E8D138054B400F95A36 /* ZBarImage.h */,
				90728E8E138054B400F95A36 /* ZBarImageScanner.h */,
				90728E8F138054B400F95A36 /* ZBarReaderController.h */,
				90728E90138054B400F95A36 /* ZBarReaderView.h */,
				90728E91138054B400F95A36 /* ZBarReaderViewController.h */,
				90728E92138054B400F95A36 /* ZBarSDK.h */,
				90728E93138054B400F95A36 /* ZBarSymbol.h */,
			);
			path = ZBarSDK;
			sourceTree = "<group>";
		};
		90728E80138054B400F95A36 /* zbar */ = {
			isa = PBXGroup;
			children = (
				90728E81138054B400F95A36 /* Decoder.h */,
				90728E82138054B400F95A36 /* Exception.h */,
				90728E83138054B400F95A36 /* Image.h */,
				90728E84138054B400F95A36 /* ImageScanner.h */,
				90728E85138054B400F95A36 /* Processor.h */,
				90728E86138054B400F95A36 /* Scanner.h */,
				90728E87138054B400F95A36 /* Symbol.h */,
				90728E88138054B400F95A36 /* Video.h */,
				90728E89138054B400F95A36 /* Window.h */,
			);
			path = zbar;
			sourceTree = "<group>";
		};
		90728E95138054B400F95A36 /* Resources */ = {
			isa = PBXGroup;
			children = (
				90728E96138054B400F95A36 /* zbar-back.png */,
				90728E97138054B400F95A36 /* zbar-help.html */,
				90728E98138054B400F95A36 /* zbar-helpicons.png */,
				90728E99138054B400F95A36 /* zbar-samples.png */,
			);
			path = Resources;
			sourceTree = "<group>";
		};
		90A1864C138DB7C50056C382 /* Custom Classes */ = {
			isa = PBXGroup;
			children = (
				90A18660138DB9810056C382 /* TextClasses */,
				90A1865F138DB8FB0056C382 /* Model */,
				90A18649138DB1A20056C382 /* HubXMLConnection.h */,
				90A1864A138DB1A20056C382 /* HubXMLConnection.m */,
			);
			name = "Custom Classes";
			sourceTree = "<group>";
		};
		90A1865F138DB8FB0056C382 /* Model */ = {
			isa = PBXGroup;
			children = (
				90A1864F138DB8F70056C382 /* HubPiece.h */,
				90A18650138DB8F70056C382 /* HubPiece.m */,
				90A18651138DB8F70056C382 /* HubPieceAudio.h */,
				90A18652138DB8F70056C382 /* HubPieceAudio.m */,
				90A18653138DB8F70056C382 /* HubPieceImage.h */,
				90A18654138DB8F70056C382 /* HubPieceImage.m */,
				90A18657138DB8F70056C382 /* HubPieceVideo.h */,
				90A18658138DB8F70056C382 /* HubPieceVideo.m */,
				906D1808139622A600111B3D /* HubPieceRelated.h */,
				906D1809139622A600111B3D /* HubPieceRelated.m */,
				90A1864D138DB8F70056C382 /* HenryHub.xcdatamodeld */,
			);
			name = Model;
			sourceTree = "<group>";
		};
		90A18660138DB9810056C382 /* TextClasses */ = {
			isa = PBXGroup;
			children = (
				90A18661138DB9A30056C382 /* HHLabel_BrandonRegular.h */,
				90A18662138DB9A30056C382 /* HHLabel_BrandonRegular.m */,
				90A18664138DBAAB0056C382 /* HHLabel_BrandonBold.h */,
				90A18665138DBAAB0056C382 /* HHLabel_BrandonBold.m */,
				90A18667138DBB280056C382 /* HHTextView_BrandonRegular.h */,
				90A18668138DBB280056C382 /* HHTextView_BrandonRegular.m */,
				90A1866A138DBCE80056C382 /* HHTextView_BrandonBold.h */,
				90A1866B138DBCE90056C382 /* HHTextView_BrandonBold.m */,
				90A1866F138E40500056C382 /* UILabel+VerticalAlign.h */,
				90A18670138E40510056C382 /* UILabel+VerticalAlign.m */,
			);
			name = TextClasses;
			sourceTree = "<group>";
		};
		90ADBE60138647EC00B3D09E /* Related */ = {
			isa = PBXGroup;
			children = (
				90220C331387343800731424 /* Related.h */,
				90220C341387343800731424 /* Related.m */,
				90220C351387343800731424 /* Related.xib */,
			);
			name = Related;
			sourceTree = "<group>";
		};
		90ADBE61138647FB00B3D09E /* Images */ = {
			isa = PBXGroup;
			children = (
			);
			name = Images;
			sourceTree = "<group>";
		};
		90ADBE621386480500B3D09E /* Audio */ = {
			isa = PBXGroup;
			children = (
			);
			name = Audio;
			sourceTree = "<group>";
		};
		90ADBE671386C97F00B3D09E /* Finch */ = {
			isa = PBXGroup;
			children = (
				90ADBE681386C99900B3D09E /* Decoder.h */,
				90ADBE691386C99900B3D09E /* Decoder.m */,
				90ADBE6A1386C99900B3D09E /* Finch.h */,
				90ADBE6B1386C99900B3D09E /* Finch.m */,
				90ADBE6C1386C99900B3D09E /* PCMDecoder.h */,
				90ADBE6D1386C99900B3D09E /* PCMDecoder.m */,
				90ADBE6E1386C99900B3D09E /* Reporter.h */,
				90ADBE6F1386C99900B3D09E /* Reporter.m */,
				90ADBE701386C99900B3D09E /* RevolverSound.h */,
				90ADBE711386C99900B3D09E /* RevolverSound.m */,
				90ADBE721386C99900B3D09E /* Sample.h */,
				90ADBE731386C99900B3D09E /* Sample.m */,
				90ADBE741386C99900B3D09E /* Sound.h */,
				90ADBE751386C99900B3D09E /* Sound.m */,
			);
			name = Finch;
			sourceTree = "<group>";
		};
		90B1058A138AC07500611725 /* Buttons */ = {
			isa = PBXGroup;
			children = (
				9002E848138B7C7500CA2AEF /* big-button-bg-pressed.png */,
				9002E849138B7C7500CA2AEF /* big-button-bg-pressed@2x.png */,
				9002E84A138B7C7500CA2AEF /* big-button-bg.png */,
				9002E84B138B7C7500CA2AEF /* big-button-bg@2x.png */,
				9002E84C138B7C7500CA2AEF /* start-logo.png */,
				9002E84D138B7C7500CA2AEF /* start-logo@2x.png */,
				9002E83F138B6DA900CA2AEF /* back-button-pressed.png */,
				9002E840138B6DA900CA2AEF /* back-button-pressed@2x.png */,
				9002E841138B6DA900CA2AEF /* back-button.png */,
				9002E842138B6DA900CA2AEF /* back-button@2x.png */,
				90B1059B138AC3E600611725 /* share-icon-pressed.png */,
				90B1059C138AC3E600611725 /* share-icon-pressed@2x.png */,
				90B1059D138AC3E600611725 /* share-icon.png */,
				90B1059E138AC3E600611725 /* share-icon@2x.png */,
				9086AD3C1385F272001B2F9D /* menu_buttons.png */,
				9086AD3D1385F272001B2F9D /* menu_buttons@2x.png */,
			);
			name = Buttons;
			sourceTree = "<group>";
		};
		90E0B6F7138D9C4E006FB6D0 /* Fonts */ = {
			isa = PBXGroup;
			children = (
				90E0B6F9138D9C79006FB6D0 /* Brandon_bld_it.otf */,
				90E0B6FA138D9C79006FB6D0 /* Brandon_bld.otf */,
				90E0B6FB138D9C79006FB6D0 /* Brandon_reg_it.otf */,
				90E0B6FC138D9C79006FB6D0 /* Brandon_reg.otf */,
			);
			name = Fonts;
			sourceTree = "<group>";
		};
/* End PBXGroup section */

/* Begin PBXNativeTarget section */
		900160621379F72A00E418AD /* HenryHub */ = {
			isa = PBXNativeTarget;
			buildConfigurationList = 900160831379F72A00E418AD /* Build configuration list for PBXNativeTarget "HenryHub" */;
			buildPhases = (
				9001605F1379F72A00E418AD /* Sources */,
				900160601379F72A00E418AD /* Frameworks */,
				900160611379F72A00E418AD /* Resources */,
			);
			buildRules = (
			);
			dependencies = (
			);
			name = HenryHub;
			productName = HenryHub;
			productReference = 900160631379F72A00E418AD /* Henry Hi.app */;
			productType = "com.apple.product-type.application";
		};
/* End PBXNativeTarget section */

/* Begin PBXProject section */
		9001605A1379F72A00E418AD /* Project object */ = {
			isa = PBXProject;
			buildConfigurationList = 9001605D1379F72A00E418AD /* Build configuration list for PBXProject "HenryHub" */;
			compatibilityVersion = "Xcode 3.2";
			developmentRegion = English;
			hasScannedForEncodings = 0;
			knownRegions = (
				en,
			);
			mainGroup = 900160581379F72A00E418AD;
			productRefGroup = 900160641379F72A00E418AD /* Products */;
			projectDirPath = "";
			projectRoot = "";
			targets = (
				900160621379F72A00E418AD /* HenryHub */,
			);
		};
/* End PBXProject section */

/* Begin PBXResourcesBuildPhase section */
		900160611379F72A00E418AD /* Resources */ = {
			isa = PBXResourcesBuildPhase;
			buildActionMask = 2147483647;
			files = (
				900160741379F72A00E418AD /* InfoPlist.strings in Resources */,
				9001607D1379F72A00E418AD /* MainWindow.xib in Resources */,
				902B81861379F83D0086518F /* mainLogo.png in Resources */,
				902B81AC137A001B0086518F /* HHubViewController.xib in Resources */,
				902B81B1137A00350086518F /* OutSide.xib in Resources */,
				902B81B6137A004A0086518F /* InSide.xib in Resources */,
				909B2A24137CFD030031A107 /* loadingscreen.png in Resources */,
				909B2A25137CFD030031A107 /* loadingscreen@2x.png in Resources */,
				90728E9B138054B400F95A36 /* zbar-back.png in Resources */,
				90728E9C138054B400F95A36 /* zbar-help.html in Resources */,
				90728E9D138054B400F95A36 /* zbar-helpicons.png in Resources */,
				90728E9E138054B400F95A36 /* zbar-samples.png in Resources */,
				90BB22E713832ED900C7797F /* scan_logo.png in Resources */,
				90BB22E813832ED900C7797F /* scan_logo@2x.png in Resources */,
				90010FF61384991000015FD2 /* FBDialog.bundle in Resources */,
				8EED84A61380745C00096292 /* HubPieceView.xib in Resources */,
				8E9A543E13833E7600B5A5C7 /* Video.xib in Resources */,
				9086AD3E1385F272001B2F9D /* menu_buttons.png in Resources */,
				9086AD3F1385F272001B2F9D /* menu_buttons@2x.png in Resources */,
				90220C301387328000731424 /* qrcode.png in Resources */,
				90220C32138733CE00731424 /* videomock.png in Resources */,
				90220C371387343800731424 /* Related.xib in Resources */,
				90220C4113873C0200731424 /* facebookmock.png in Resources */,
				90AC6EA81388AA9E009B486C /* loadingscreen-v2.png in Resources */,
				90AC6EA91388AA9E009B486C /* loadingscreen-v2@2x.png in Resources */,
				90AC6EAA1388AAC3009B486C /* Default.png in Resources */,
				90AC6EAC1388AAD9009B486C /* Default@2x.png in Resources */,
				90AC6EB21388C307009B486C /* icon@2x.png in Resources */,
				90AC6EB41388C30E009B486C /* icon.png in Resources */,
				90B1059F138AC3E600611725 /* share-icon-pressed.png in Resources */,
				90B105A0138AC3E600611725 /* share-icon-pressed@2x.png in Resources */,
				90B105A1138AC3E600611725 /* share-icon.png in Resources */,
				90B105A2138AC3E600611725 /* share-icon@2x.png in Resources */,
				9002E843138B6DA900CA2AEF /* back-button-pressed.png in Resources */,
				9002E844138B6DA900CA2AEF /* back-button-pressed@2x.png in Resources */,
				9002E845138B6DA900CA2AEF /* back-button.png in Resources */,
				9002E846138B6DA900CA2AEF /* back-button@2x.png in Resources */,
				9002E84E138B7C7500CA2AEF /* big-button-bg-pressed.png in Resources */,
				9002E84F138B7C7500CA2AEF /* big-button-bg-pressed@2x.png in Resources */,
				9002E850138B7C7500CA2AEF /* big-button-bg.png in Resources */,
				9002E851138B7C7500CA2AEF /* big-button-bg@2x.png in Resources */,
				9002E852138B7C7500CA2AEF /* start-logo.png in Resources */,
				9002E853138B7C7500CA2AEF /* start-logo@2x.png in Resources */,
				9002E856138B8F2A00CA2AEF /* arrow-down.png in Resources */,
				9002E857138B8F2A00CA2AEF /* arrow-up.png in Resources */,
				90E0B6FD138D9C79006FB6D0 /* Brandon_bld_it.otf in Resources */,
				90E0B6FE138D9C79006FB6D0 /* Brandon_bld.otf in Resources */,
				90E0B6FF138D9C79006FB6D0 /* Brandon_reg_it.otf in Resources */,
				90E0B700138D9C79006FB6D0 /* Brandon_reg.otf in Resources */,
				90A1866E138DFF630056C382 /* VideoTableViewCell.xib in Resources */,
				901D175A1392FF6F00615364 /* HistoryCell.xib in Resources */,
			);
			runOnlyForDeploymentPostprocessing = 0;
		};
/* End PBXResourcesBuildPhase section */

/* Begin PBXSourcesBuildPhase section */
		9001605F1379F72A00E418AD /* Sources */ = {
			isa = PBXSourcesBuildPhase;
			buildActionMask = 2147483647;
			files = (
				900160771379F72A00E418AD /* main.m in Sources */,
				9001607A1379F72A00E418AD /* HenryHubAppDelegate.m in Sources */,
				902B81AA137A00020086518F /* HHubViewController.m in Sources */,
				902B81B0137A00350086518F /* OutSide.m in Sources */,
				902B81B5137A004A0086518F /* InSide.m in Sources */,
				8E94F6C8137A08CC00580A6C /* HubPieceView.m in Sources */,
				902B81C6137A0FA80086518F /* NSDataAdditions.m in Sources */,
				902B81C7137A0FA80086518F /* TBXML.m in Sources */,
				90010FF71384991000015FD2 /* FBRequest.m in Sources */,
				90010FF81384991000015FD2 /* Facebook.m in Sources */,
				90010FF91384991000015FD2 /* FBLoginDialog.m in Sources */,
				90010FFA1384991000015FD2 /* FBDialog.m in Sources */,
				8E9A543D13833E7600B5A5C7 /* Video.m in Sources */,
				906F40231384BD9900617877 /* NSObject+SBJSON.m in Sources */,
				906F40241384BD9900617877 /* NSString+SBJSON.m in Sources */,
				906F40251384BD9900617877 /* SBJSON.m in Sources */,
				906F40261384BD9900617877 /* SBJsonBase.m in Sources */,
				906F40271384BD9900617877 /* SBJsonParser.m in Sources */,
				906F40281384BD9900617877 /* SBJsonWriter.m in Sources */,
				90ADBE761386C99900B3D09E /* Decoder.m in Sources */,
				90ADBE771386C99900B3D09E /* Finch.m in Sources */,
				90ADBE781386C99900B3D09E /* PCMDecoder.m in Sources */,
				90ADBE791386C99900B3D09E /* Reporter.m in Sources */,
				90ADBE7A1386C99900B3D09E /* RevolverSound.m in Sources */,
				90ADBE7B1386C99900B3D09E /* Sample.m in Sources */,
				90ADBE7C1386C99900B3D09E /* Sound.m in Sources */,
				90220C361387343800731424 /* Related.m in Sources */,
				90A1864B138DB1A20056C382 /* HubXMLConnection.m in Sources */,
				90A18659138DB8F70056C382 /* HenryHub.xcdatamodeld in Sources */,
				90A1865A138DB8F70056C382 /* HubPiece.m in Sources */,
				90A1865B138DB8F70056C382 /* HubPieceAudio.m in Sources */,
				90A1865C138DB8F70056C382 /* HubPieceImage.m in Sources */,
				90A1865E138DB8F70056C382 /* HubPieceVideo.m in Sources */,
				90A18663138DB9A30056C382 /* HHLabel_BrandonRegular.m in Sources */,
				90A18666138DBAAB0056C382 /* HHLabel_BrandonBold.m in Sources */,
				90A18669138DBB280056C382 /* HHTextView_BrandonRegular.m in Sources */,
				90A1866C138DBCE90056C382 /* HHTextView_BrandonBold.m in Sources */,
				90A18671138E40520056C382 /* UILabel+VerticalAlign.m in Sources */,
				909138831394503600CF920C /* InSideView.m in Sources */,
				906D180A139622A600111B3D /* HubPieceRelated.m in Sources */,
			);
			runOnlyForDeploymentPostprocessing = 0;
		};
/* End PBXSourcesBuildPhase section */

/* Begin PBXVariantGroup section */
		900160721379F72A00E418AD /* InfoPlist.strings */ = {
			isa = PBXVariantGroup;
			children = (
				900160731379F72A00E418AD /* en */,
			);
			name = InfoPlist.strings;
			sourceTree = "<group>";
		};
		9001607B1379F72A00E418AD /* MainWindow.xib */ = {
			isa = PBXVariantGroup;
			children = (
				9001607C1379F72A00E418AD /* en */,
			);
			name = MainWindow.xib;
			sourceTree = "<group>";
		};
/* End PBXVariantGroup section */

/* Begin XCBuildConfiguration section */
		900160811379F72A00E418AD /* Debug */ = {
			isa = XCBuildConfiguration;
			buildSettings = {
				ARCHS = "$(ARCHS_STANDARD_32_BIT)";
				"CODE_SIGN_IDENTITY[sdk=iphoneos*]" = "iPhone Developer";
				GCC_C_LANGUAGE_STANDARD = gnu99;
				GCC_OPTIMIZATION_LEVEL = 0;
				GCC_PREPROCESSOR_DEFINITIONS = DEBUG;
				GCC_SYMBOLS_PRIVATE_EXTERN = NO;
				GCC_VERSION = com.apple.compilers.llvmgcc42;
				GCC_WARN_ABOUT_RETURN_TYPE = YES;
				GCC_WARN_UNUSED_VARIABLE = YES;
				IPHONEOS_DEPLOYMENT_TARGET = 4.0;
				SDKROOT = iphoneos;
			};
			name = Debug;
		};
		900160821379F72A00E418AD /* Release */ = {
			isa = XCBuildConfiguration;
			buildSettings = {
				ARCHS = "$(ARCHS_STANDARD_32_BIT)";
				"CODE_SIGN_IDENTITY[sdk=iphoneos*]" = "iPhone Developer";
				GCC_C_LANGUAGE_STANDARD = gnu99;
				GCC_VERSION = com.apple.compilers.llvmgcc42;
				GCC_WARN_ABOUT_RETURN_TYPE = YES;
				GCC_WARN_UNUSED_VARIABLE = YES;
				IPHONEOS_DEPLOYMENT_TARGET = 4.0;
				OTHER_CFLAGS = "-DNS_BLOCK_ASSERTIONS=1";
				SDKROOT = iphoneos;
			};
			name = Release;
		};
		900160841379F72A00E418AD /* Debug */ = {
			isa = XCBuildConfiguration;
			buildSettings = {
				ALWAYS_SEARCH_USER_PATHS = NO;
				COPY_PHASE_STRIP = NO;
				GCC_DYNAMIC_NO_PIC = NO;
				GCC_PRECOMPILE_PREFIX_HEADER = YES;
				GCC_PREFIX_HEADER = "HenryHub/HenryHub-Prefix.pch";
				INFOPLIST_FILE = "HenryHub/HenryHub-Info.plist";
				LIBRARY_SEARCH_PATHS = (
					"$(inherited)",
					"\"$(SRCROOT)/HenryHub/ZBarSDK\"",
				);
				PRODUCT_NAME = "Henry Hi";
				WRAPPER_EXTENSION = app;
			};
			name = Debug;
		};
		900160851379F72A00E418AD /* Release */ = {
			isa = XCBuildConfiguration;
			buildSettings = {
				ALWAYS_SEARCH_USER_PATHS = NO;
				COPY_PHASE_STRIP = YES;
				GCC_PRECOMPILE_PREFIX_HEADER = YES;
				GCC_PREFIX_HEADER = "HenryHub/HenryHub-Prefix.pch";
				INFOPLIST_FILE = "HenryHub/HenryHub-Info.plist";
				LIBRARY_SEARCH_PATHS = (
					"$(inherited)",
					"\"$(SRCROOT)/HenryHub/ZBarSDK\"",
				);
				PRODUCT_NAME = "Henry Hi";
				VALIDATE_PRODUCT = YES;
				WRAPPER_EXTENSION = app;
			};
			name = Release;
		};
/* End XCBuildConfiguration section */

/* Begin XCConfigurationList section */
		9001605D1379F72A00E418AD /* Build configuration list for PBXProject "HenryHub" */ = {
			isa = XCConfigurationList;
			buildConfigurations = (
				900160811379F72A00E418AD /* Debug */,
				900160821379F72A00E418AD /* Release */,
			);
			defaultConfigurationIsVisible = 0;
			defaultConfigurationName = Release;
		};
		900160831379F72A00E418AD /* Build configuration list for PBXNativeTarget "HenryHub" */ = {
			isa = XCConfigurationList;
			buildConfigurations = (
				900160841379F72A00E418AD /* Debug */,
				900160851379F72A00E418AD /* Release */,
			);
			defaultConfigurationIsVisible = 0;
			defaultConfigurationName = Release;
		};
/* End XCConfigurationList section */

/* Begin XCVersionGroup section */
		90A1864D138DB8F70056C382 /* HenryHub.xcdatamodeld */ = {
			isa = XCVersionGroup;
			children = (
				90A1864E138DB8F70056C382 /* HenryHub.xcdatamodel */,
			);
			currentVersion = 90A1864E138DB8F70056C382 /* HenryHub.xcdatamodel */;
			path = HenryHub.xcdatamodeld;
			sourceTree = "<group>";
			versionGroupType = wrapper.xcdatamodel;
		};
/* End XCVersionGroup section */
	};
	rootObject = 9001605A1379F72A00E418AD /* Project object */;
}
