// !$*UTF8*$!
{
	archiveVersion = 1;
	classes = {
	};
	objectVersion = 46;
	objects = {

/* Begin PBXBuildFile section */
		8E94F6C3137A08BE00580A6C /* Scan.m in Sources */ = {isa = PBXBuildFile; fileRef = 8E94F6C1137A08BE00580A6C /* Scan.m */; };
		8E94F6C4137A08BE00580A6C /* Scan.xib in Resources */ = {isa = PBXBuildFile; fileRef = 8E94F6C2137A08BE00580A6C /* Scan.xib */; };
		8E94F6C8137A08CC00580A6C /* HubPieceView.m in Sources */ = {isa = PBXBuildFile; fileRef = 8E94F6C6137A08CC00580A6C /* HubPieceView.m */; };
		8E94F711137B89CC00580A6C /* Default.png in Resources */ = {isa = PBXBuildFile; fileRef = 8E94F710137B89CC00580A6C /* Default.png */; };
		8E94F713137B89D900580A6C /* icon.png in Resources */ = {isa = PBXBuildFile; fileRef = 8E94F712137B89D900580A6C /* icon.png */; };
		8E9A543D13833E7600B5A5C7 /* Video.m in Sources */ = {isa = PBXBuildFile; fileRef = 8E9A543B13833E7600B5A5C7 /* Video.m */; };
		8E9A543E13833E7600B5A5C7 /* Video.xib in Resources */ = {isa = PBXBuildFile; fileRef = 8E9A543C13833E7600B5A5C7 /* Video.xib */; };
		8EED84A61380745C00096292 /* HubPieceView.xib in Resources */ = {isa = PBXBuildFile; fileRef = 8EED84A51380745C00096292 /* HubPieceView.xib */; };
		90010FF61384991000015FD2 /* FBDialog.bundle in Resources */ = {isa = PBXBuildFile; fileRef = 90010FEC1384991000015FD2 /* FBDialog.bundle */; };
		90010FF71384991000015FD2 /* FBRequest.m in Sources */ = {isa = PBXBuildFile; fileRef = 90010FEF1384991000015FD2 /* FBRequest.m */; };
		90010FF81384991000015FD2 /* Facebook.m in Sources */ = {isa = PBXBuildFile; fileRef = 90010FF01384991000015FD2 /* Facebook.m */; };
		90010FF91384991000015FD2 /* FBLoginDialog.m in Sources */ = {isa = PBXBuildFile; fileRef = 90010FF31384991000015FD2 /* FBLoginDialog.m */; };
		90010FFA1384991000015FD2 /* FBDialog.m in Sources */ = {isa = PBXBuildFile; fileRef = 90010FF51384991000015FD2 /* FBDialog.m */; };
		900160681379F72A00E418AD /* UIKit.framework in Frameworks */ = {isa = PBXBuildFile; fileRef = 900160671379F72A00E418AD /* UIKit.framework */; };
		9001606A1379F72A00E418AD /* Foundation.framework in Frameworks */ = {isa = PBXBuildFile; fileRef = 900160691379F72A00E418AD /* Foundation.framework */; };
		9001606C1379F72A00E418AD /* CoreGraphics.framework in Frameworks */ = {isa = PBXBuildFile; fileRef = 9001606B1379F72A00E418AD /* CoreGraphics.framework */; };
		9001606E1379F72A00E418AD /* CoreData.framework in Frameworks */ = {isa = PBXBuildFile; fileRef = 9001606D1379F72A00E418AD /* CoreData.framework */; };
		900160741379F72A00E418AD /* InfoPlist.strings in Resources */ = {isa = PBXBuildFile; fileRef = 900160721379F72A00E418AD /* InfoPlist.strings */; };
		900160771379F72A00E418AD /* main.m in Sources */ = {isa = PBXBuildFile; fileRef = 900160761379F72A00E418AD /* main.m */; };
		9001607A1379F72A00E418AD /* HenryHubAppDelegate.m in Sources */ = {isa = PBXBuildFile; fileRef = 900160791379F72A00E418AD /* HenryHubAppDelegate.m */; };
		9001607D1379F72A00E418AD /* MainWindow.xib in Resources */ = {isa = PBXBuildFile; fileRef = 9001607B1379F72A00E418AD /* MainWindow.xib */; };
		900160801379F72A00E418AD /* HenryHub.xcdatamodeld in Sources */ = {isa = PBXBuildFile; fileRef = 9001607E1379F72A00E418AD /* HenryHub.xcdatamodeld */; };
		902B81861379F83D0086518F /* mainLogo.png in Resources */ = {isa = PBXBuildFile; fileRef = 902B81851379F83D0086518F /* mainLogo.png */; };
		902B81AA137A00020086518F /* HHubViewController.m in Sources */ = {isa = PBXBuildFile; fileRef = 902B81A9137A00020086518F /* HHubViewController.m */; };
		902B81AC137A001B0086518F /* HHubViewController.xib in Resources */ = {isa = PBXBuildFile; fileRef = 902B81AB137A001B0086518F /* HHubViewController.xib */; };
		902B81B0137A00350086518F /* OutSide.m in Sources */ = {isa = PBXBuildFile; fileRef = 902B81AE137A00350086518F /* OutSide.m */; };
		902B81B1137A00350086518F /* OutSide.xib in Resources */ = {isa = PBXBuildFile; fileRef = 902B81AF137A00350086518F /* OutSide.xib */; };
		902B81B5137A004A0086518F /* InSide.m in Sources */ = {isa = PBXBuildFile; fileRef = 902B81B3137A004A0086518F /* InSide.m */; };
		902B81B6137A004A0086518F /* InSide.xib in Resources */ = {isa = PBXBuildFile; fileRef = 902B81B4137A004A0086518F /* InSide.xib */; };
		902B81C5137A0FA80086518F /* HubPiece.m in Sources */ = {isa = PBXBuildFile; fileRef = 902B81BE137A0FA80086518F /* HubPiece.m */; };
		902B81C6137A0FA80086518F /* NSDataAdditions.m in Sources */ = {isa = PBXBuildFile; fileRef = 902B81C0137A0FA80086518F /* NSDataAdditions.m */; };
		902B81C7137A0FA80086518F /* TBXML.m in Sources */ = {isa = PBXBuildFile; fileRef = 902B81C2137A0FA80086518F /* TBXML.m */; };
		902B81CD137A10470086518F /* libz.dylib in Frameworks */ = {isa = PBXBuildFile; fileRef = 902B81CC137A10470086518F /* libz.dylib */; };
		902B81D1137A148C0086518F /* HubXMLConnection.m in Sources */ = {isa = PBXBuildFile; fileRef = 902B81CF137A148C0086518F /* HubXMLConnection.m */; };
		902B81D5137A19130086518F /* HHViewController.m in Sources */ = {isa = PBXBuildFile; fileRef = 902B81D4137A19120086518F /* HHViewController.m */; };
		902B81D8137A1D710086518F /* HubPieceImage.m in Sources */ = {isa = PBXBuildFile; fileRef = 902B81D7137A1D710086518F /* HubPieceImage.m */; };
		902B81DB137AF3320086518F /* HubPieceVideo.m in Sources */ = {isa = PBXBuildFile; fileRef = 902B81DA137AF3320086518F /* HubPieceVideo.m */; };
		902B81DE137AF7670086518F /* HubPieceAudio.m in Sources */ = {isa = PBXBuildFile; fileRef = 902B81DD137AF7670086518F /* HubPieceAudio.m */; };
		902B81E1137AFE9B0086518F /* HubPieceMedia.m in Sources */ = {isa = PBXBuildFile; fileRef = 902B81E0137AFE9A0086518F /* HubPieceMedia.m */; };
		90728E9A138054B400F95A36 /* libzbar.a in Frameworks */ = {isa = PBXBuildFile; fileRef = 90728E94138054B400F95A36 /* libzbar.a */; };
		90728E9B138054B400F95A36 /* zbar-back.png in Resources */ = {isa = PBXBuildFile; fileRef = 90728E96138054B400F95A36 /* zbar-back.png */; };
		90728E9C138054B400F95A36 /* zbar-help.html in Resources */ = {isa = PBXBuildFile; fileRef = 90728E97138054B400F95A36 /* zbar-help.html */; };
		90728E9D138054B400F95A36 /* zbar-helpicons.png in Resources */ = {isa = PBXBuildFile; fileRef = 90728E98138054B400F95A36 /* zbar-helpicons.png */; };
		90728E9E138054B400F95A36 /* zbar-samples.png in Resources */ = {isa = PBXBuildFile; fileRef = 90728E99138054B400F95A36 /* zbar-samples.png */; };
		90728EA11380550E00F95A36 /* AVFoundation.framework in Frameworks */ = {isa = PBXBuildFile; fileRef = 90728EA01380550E00F95A36 /* AVFoundation.framework */; };
		90728EA31380553E00F95A36 /* CoreMedia.framework in Frameworks */ = {isa = PBXBuildFile; fileRef = 90728EA21380553E00F95A36 /* CoreMedia.framework */; };
		90728EA51380554400F95A36 /* CoreVideo.framework in Frameworks */ = {isa = PBXBuildFile; fileRef = 90728EA41380554400F95A36 /* CoreVideo.framework */; };
		90728EA71380555100F95A36 /* libiconv.dylib in Frameworks */ = {isa = PBXBuildFile; fileRef = 90728EA61380555100F95A36 /* libiconv.dylib */; };
		90728EA91380555E00F95A36 /* QuartzCore.framework in Frameworks */ = {isa = PBXBuildFile; fileRef = 90728EA81380555E00F95A36 /* QuartzCore.framework */; };
		909B2A24137CFD030031A107 /* loadingscreen.png in Resources */ = {isa = PBXBuildFile; fileRef = 909B2A22137CFD030031A107 /* loadingscreen.png */; };
		909B2A25137CFD030031A107 /* loadingscreen@2x.png in Resources */ = {isa = PBXBuildFile; fileRef = 909B2A23137CFD030031A107 /* loadingscreen@2x.png */; };
		90BB22E713832ED900C7797F /* scan_logo.png in Resources */ = {isa = PBXBuildFile; fileRef = 90BB22E513832ED900C7797F /* scan_logo.png */; };
		90BB22E813832ED900C7797F /* scan_logo@2x.png in Resources */ = {isa = PBXBuildFile; fileRef = 90BB22E613832ED900C7797F /* scan_logo@2x.png */; };
/* End PBXBuildFile section */

/* Begin PBXFileReference section */
		8E94F6C0137A08BE00580A6C /* Scan.h */ = {isa = PBXFileReference; fileEncoding = 4; lastKnownFileType = sourcecode.c.h; path = Scan.h; sourceTree = "<group>"; };
		8E94F6C1137A08BE00580A6C /* Scan.m */ = {isa = PBXFileReference; fileEncoding = 4; lastKnownFileType = sourcecode.c.objc; path = Scan.m; sourceTree = "<group>"; };
		8E94F6C2137A08BE00580A6C /* Scan.xib */ = {isa = PBXFileReference; fileEncoding = 4; lastKnownFileType = file.xib; path = Scan.xib; sourceTree = "<group>"; };
		8E94F6C5137A08CC00580A6C /* HubPieceView.h */ = {isa = PBXFileReference; fileEncoding = 4; lastKnownFileType = sourcecode.c.h; path = HubPieceView.h; sourceTree = "<group>"; };
		8E94F6C6137A08CC00580A6C /* HubPieceView.m */ = {isa = PBXFileReference; fileEncoding = 4; lastKnownFileType = sourcecode.c.objc; path = HubPieceView.m; sourceTree = "<group>"; };
		8E94F710137B89CC00580A6C /* Default.png */ = {isa = PBXFileReference; lastKnownFileType = image.png; path = Default.png; sourceTree = "<group>"; };
		8E94F712137B89D900580A6C /* icon.png */ = {isa = PBXFileReference; lastKnownFileType = image.png; path = icon.png; sourceTree = "<group>"; };
		8E9A543A13833E7600B5A5C7 /* Video.h */ = {isa = PBXFileReference; fileEncoding = 4; lastKnownFileType = sourcecode.c.h; path = Video.h; sourceTree = "<group>"; };
		8E9A543B13833E7600B5A5C7 /* Video.m */ = {isa = PBXFileReference; fileEncoding = 4; lastKnownFileType = sourcecode.c.objc; path = Video.m; sourceTree = "<group>"; };
		8E9A543C13833E7600B5A5C7 /* Video.xib */ = {isa = PBXFileReference; fileEncoding = 4; lastKnownFileType = file.xib; path = Video.xib; sourceTree = "<group>"; };
		8EED84A51380745C00096292 /* HubPieceView.xib */ = {isa = PBXFileReference; fileEncoding = 4; lastKnownFileType = file.xib; path = HubPieceView.xib; sourceTree = "<group>"; };
		90010FEC1384991000015FD2 /* FBDialog.bundle */ = {isa = PBXFileReference; lastKnownFileType = "wrapper.plug-in"; path = FBDialog.bundle; sourceTree = "<group>"; };
		90010FED1384991000015FD2 /* FBConnect.h */ = {isa = PBXFileReference; fileEncoding = 4; lastKnownFileType = sourcecode.c.h; path = FBConnect.h; sourceTree = "<group>"; };
		90010FEE1384991000015FD2 /* FBRequest.h */ = {isa = PBXFileReference; fileEncoding = 4; lastKnownFileType = sourcecode.c.h; path = FBRequest.h; sourceTree = "<group>"; };
		90010FEF1384991000015FD2 /* FBRequest.m */ = {isa = PBXFileReference; fileEncoding = 4; lastKnownFileType = sourcecode.c.objc; path = FBRequest.m; sourceTree = "<group>"; };
		90010FF01384991000015FD2 /* Facebook.m */ = {isa = PBXFileReference; fileEncoding = 4; lastKnownFileType = sourcecode.c.objc; path = Facebook.m; sourceTree = "<group>"; };
		90010FF11384991000015FD2 /* Facebook.h */ = {isa = PBXFileReference; fileEncoding = 4; lastKnownFileType = sourcecode.c.h; path = Facebook.h; sourceTree = "<group>"; };
		90010FF21384991000015FD2 /* FBLoginDialog.h */ = {isa = PBXFileReference; fileEncoding = 4; lastKnownFileType = sourcecode.c.h; path = FBLoginDialog.h; sourceTree = "<group>"; };
		90010FF31384991000015FD2 /* FBLoginDialog.m */ = {isa = PBXFileReference; fileEncoding = 4; lastKnownFileType = sourcecode.c.objc; path = FBLoginDialog.m; sourceTree = "<group>"; };
		90010FF41384991000015FD2 /* FBDialog.h */ = {isa = PBXFileReference; fileEncoding = 4; lastKnownFileType = sourcecode.c.h; path = FBDialog.h; sourceTree = "<group>"; };
		90010FF51384991000015FD2 /* FBDialog.m */ = {isa = PBXFileReference; fileEncoding = 4; lastKnownFileType = sourcecode.c.objc; path = FBDialog.m; sourceTree = "<group>"; };
		900160631379F72A00E418AD /* HenryHub.app */ = {isa = PBXFileReference; explicitFileType = wrapper.application; includeInIndex = 0; path = HenryHub.app; sourceTree = BUILT_PRODUCTS_DIR; };
		900160671379F72A00E418AD /* UIKit.framework */ = {isa = PBXFileReference; lastKnownFileType = wrapper.framework; name = UIKit.framework; path = System/Library/Frameworks/UIKit.framework; sourceTree = SDKROOT; };
		900160691379F72A00E418AD /* Foundation.framework */ = {isa = PBXFileReference; lastKnownFileType = wrapper.framework; name = Foundation.framework; path = System/Library/Frameworks/Foundation.framework; sourceTree = SDKROOT; };
		9001606B1379F72A00E418AD /* CoreGraphics.framework */ = {isa = PBXFileReference; lastKnownFileType = wrapper.framework; name = CoreGraphics.framework; path = System/Library/Frameworks/CoreGraphics.framework; sourceTree = SDKROOT; };
		9001606D1379F72A00E418AD /* CoreData.framework */ = {isa = PBXFileReference; lastKnownFileType = wrapper.framework; name = CoreData.framework; path = System/Library/Frameworks/CoreData.framework; sourceTree = SDKROOT; };
		900160711379F72A00E418AD /* HenryHub-Info.plist */ = {isa = PBXFileReference; lastKnownFileType = text.plist.xml; path = "HenryHub-Info.plist"; sourceTree = "<group>"; };
		900160731379F72A00E418AD /* en */ = {isa = PBXFileReference; lastKnownFileType = text.plist.strings; name = en; path = en.lproj/InfoPlist.strings; sourceTree = "<group>"; };
		900160751379F72A00E418AD /* HenryHub-Prefix.pch */ = {isa = PBXFileReference; lastKnownFileType = sourcecode.c.h; path = "HenryHub-Prefix.pch"; sourceTree = "<group>"; };
		900160761379F72A00E418AD /* main.m */ = {isa = PBXFileReference; lastKnownFileType = sourcecode.c.objc; path = main.m; sourceTree = "<group>"; };
		900160781379F72A00E418AD /* HenryHubAppDelegate.h */ = {isa = PBXFileReference; lastKnownFileType = sourcecode.c.h; path = HenryHubAppDelegate.h; sourceTree = "<group>"; };
		900160791379F72A00E418AD /* HenryHubAppDelegate.m */ = {isa = PBXFileReference; lastKnownFileType = sourcecode.c.objc; path = HenryHubAppDelegate.m; sourceTree = "<group>"; };
		9001607C1379F72A00E418AD /* en */ = {isa = PBXFileReference; lastKnownFileType = file.xib; name = en; path = en.lproj/MainWindow.xib; sourceTree = "<group>"; };
		9001607F1379F72A00E418AD /* HenryHub.xcdatamodel */ = {isa = PBXFileReference; lastKnownFileType = wrapper.xcdatamodel; path = HenryHub.xcdatamodel; sourceTree = "<group>"; };
		902B81851379F83D0086518F /* mainLogo.png */ = {isa = PBXFileReference; lastKnownFileType = image.png; path = mainLogo.png; sourceTree = "<group>"; };
		902B81A8137A00020086518F /* HHubViewController.h */ = {isa = PBXFileReference; fileEncoding = 4; lastKnownFileType = sourcecode.c.h; path = HHubViewController.h; sourceTree = "<group>"; };
		902B81A9137A00020086518F /* HHubViewController.m */ = {isa = PBXFileReference; fileEncoding = 4; lastKnownFileType = sourcecode.c.objc; path = HHubViewController.m; sourceTree = "<group>"; };
		902B81AB137A001B0086518F /* HHubViewController.xib */ = {isa = PBXFileReference; fileEncoding = 4; lastKnownFileType = file.xib; path = HHubViewController.xib; sourceTree = "<group>"; };
		902B81AD137A00350086518F /* OutSide.h */ = {isa = PBXFileReference; fileEncoding = 4; lastKnownFileType = sourcecode.c.h; path = OutSide.h; sourceTree = "<group>"; };
		902B81AE137A00350086518F /* OutSide.m */ = {isa = PBXFileReference; fileEncoding = 4; lastKnownFileType = sourcecode.c.objc; path = OutSide.m; sourceTree = "<group>"; };
		902B81AF137A00350086518F /* OutSide.xib */ = {isa = PBXFileReference; fileEncoding = 4; lastKnownFileType = file.xib; path = OutSide.xib; sourceTree = "<group>"; };
		902B81B2137A004A0086518F /* InSide.h */ = {isa = PBXFileReference; fileEncoding = 4; lastKnownFileType = sourcecode.c.h; path = InSide.h; sourceTree = "<group>"; };
		902B81B3137A004A0086518F /* InSide.m */ = {isa = PBXFileReference; fileEncoding = 4; lastKnownFileType = sourcecode.c.objc; path = InSide.m; sourceTree = "<group>"; };
		902B81B4137A004A0086518F /* InSide.xib */ = {isa = PBXFileReference; fileEncoding = 4; lastKnownFileType = file.xib; path = InSide.xib; sourceTree = "<group>"; };
		902B81BD137A0FA80086518F /* HubPiece.h */ = {isa = PBXFileReference; fileEncoding = 4; lastKnownFileType = sourcecode.c.h; path = HubPiece.h; sourceTree = "<group>"; };
		902B81BE137A0FA80086518F /* HubPiece.m */ = {isa = PBXFileReference; fileEncoding = 4; lastKnownFileType = sourcecode.c.objc; path = HubPiece.m; sourceTree = "<group>"; };
		902B81BF137A0FA80086518F /* NSDataAdditions.h */ = {isa = PBXFileReference; fileEncoding = 4; lastKnownFileType = sourcecode.c.h; path = NSDataAdditions.h; sourceTree = "<group>"; };
		902B81C0137A0FA80086518F /* NSDataAdditions.m */ = {isa = PBXFileReference; fileEncoding = 4; lastKnownFileType = sourcecode.c.objc; path = NSDataAdditions.m; sourceTree = "<group>"; };
		902B81C1137A0FA80086518F /* TBXML.h */ = {isa = PBXFileReference; fileEncoding = 4; lastKnownFileType = sourcecode.c.h; path = TBXML.h; sourceTree = "<group>"; };
		902B81C2137A0FA80086518F /* TBXML.m */ = {isa = PBXFileReference; fileEncoding = 4; lastKnownFileType = sourcecode.c.objc; path = TBXML.m; sourceTree = "<group>"; };
		902B81CC137A10470086518F /* libz.dylib */ = {isa = PBXFileReference; lastKnownFileType = "compiled.mach-o.dylib"; name = libz.dylib; path = usr/lib/libz.dylib; sourceTree = SDKROOT; };
		902B81CE137A148C0086518F /* HubXMLConnection.h */ = {isa = PBXFileReference; fileEncoding = 4; lastKnownFileType = sourcecode.c.h; path = HubXMLConnection.h; sourceTree = "<group>"; };
		902B81CF137A148C0086518F /* HubXMLConnection.m */ = {isa = PBXFileReference; fileEncoding = 4; lastKnownFileType = sourcecode.c.objc; path = HubXMLConnection.m; sourceTree = "<group>"; };
		902B81D3137A19120086518F /* HHViewController.h */ = {isa = PBXFileReference; fileEncoding = 4; lastKnownFileType = sourcecode.c.h; path = HHViewController.h; sourceTree = "<group>"; };
		902B81D4137A19120086518F /* HHViewController.m */ = {isa = PBXFileReference; fileEncoding = 4; lastKnownFileType = sourcecode.c.objc; path = HHViewController.m; sourceTree = "<group>"; };
		902B81D6137A1D710086518F /* HubPieceImage.h */ = {isa = PBXFileReference; fileEncoding = 4; lastKnownFileType = sourcecode.c.h; path = HubPieceImage.h; sourceTree = "<group>"; };
		902B81D7137A1D710086518F /* HubPieceImage.m */ = {isa = PBXFileReference; fileEncoding = 4; lastKnownFileType = sourcecode.c.objc; path = HubPieceImage.m; sourceTree = "<group>"; };
		902B81D9137AF3310086518F /* HubPieceVideo.h */ = {isa = PBXFileReference; fileEncoding = 4; lastKnownFileType = sourcecode.c.h; path = HubPieceVideo.h; sourceTree = "<group>"; };
		902B81DA137AF3320086518F /* HubPieceVideo.m */ = {isa = PBXFileReference; fileEncoding = 4; lastKnownFileType = sourcecode.c.objc; path = HubPieceVideo.m; sourceTree = "<group>"; };
		902B81DC137AF7660086518F /* HubPieceAudio.h */ = {isa = PBXFileReference; fileEncoding = 4; lastKnownFileType = sourcecode.c.h; path = HubPieceAudio.h; sourceTree = "<group>"; };
		902B81DD137AF7670086518F /* HubPieceAudio.m */ = {isa = PBXFileReference; fileEncoding = 4; lastKnownFileType = sourcecode.c.objc; path = HubPieceAudio.m; sourceTree = "<group>"; };
		902B81DF137AFE990086518F /* HubPieceMedia.h */ = {isa = PBXFileReference; fileEncoding = 4; lastKnownFileType = sourcecode.c.h; path = HubPieceMedia.h; sourceTree = "<group>"; };
		902B81E0137AFE9A0086518F /* HubPieceMedia.m */ = {isa = PBXFileReference; fileEncoding = 4; lastKnownFileType = sourcecode.c.objc; path = HubPieceMedia.m; sourceTree = "<group>"; };
		90728E81138054B400F95A36 /* Decoder.h */ = {isa = PBXFileReference; fileEncoding = 4; lastKnownFileType = sourcecode.c.h; path = Decoder.h; sourceTree = "<group>"; };
		90728E82138054B400F95A36 /* Exception.h */ = {isa = PBXFileReference; fileEncoding = 4; lastKnownFileType = sourcecode.c.h; path = Exception.h; sourceTree = "<group>"; };
		90728E83138054B400F95A36 /* Image.h */ = {isa = PBXFileReference; fileEncoding = 4; lastKnownFileType = sourcecode.c.h; path = Image.h; sourceTree = "<group>"; };
		90728E84138054B400F95A36 /* ImageScanner.h */ = {isa = PBXFileReference; fileEncoding = 4; lastKnownFileType = sourcecode.c.h; path = ImageScanner.h; sourceTree = "<group>"; };
		90728E85138054B400F95A36 /* Processor.h */ = {isa = PBXFileReference; fileEncoding = 4; lastKnownFileType = sourcecode.c.h; path = Processor.h; sourceTree = "<group>"; };
		90728E86138054B400F95A36 /* Scanner.h */ = {isa = PBXFileReference; fileEncoding = 4; lastKnownFileType = sourcecode.c.h; path = Scanner.h; sourceTree = "<group>"; };
		90728E87138054B400F95A36 /* Symbol.h */ = {isa = PBXFileReference; fileEncoding = 4; lastKnownFileType = sourcecode.c.h; path = Symbol.h; sourceTree = "<group>"; };
		90728E88138054B400F95A36 /* Video.h */ = {isa = PBXFileReference; fileEncoding = 4; lastKnownFileType = sourcecode.c.h; path = Video.h; sourceTree = "<group>"; };
		90728E89138054B400F95A36 /* Window.h */ = {isa = PBXFileReference; fileEncoding = 4; lastKnownFileType = sourcecode.c.h; path = Window.h; sourceTree = "<group>"; };
		90728E8A138054B400F95A36 /* zbar.h */ = {isa = PBXFileReference; fileEncoding = 4; lastKnownFileType = sourcecode.c.h; path = zbar.h; sourceTree = "<group>"; };
		90728E8B138054B400F95A36 /* ZBarCaptureReader.h */ = {isa = PBXFileReference; fileEncoding = 4; lastKnownFileType = sourcecode.c.h; path = ZBarCaptureReader.h; sourceTree = "<group>"; };
		90728E8C138054B400F95A36 /* ZBarHelpController.h */ = {isa = PBXFileReference; fileEncoding = 4; lastKnownFileType = sourcecode.c.h; path = ZBarHelpController.h; sourceTree = "<group>"; };
		90728E8D138054B400F95A36 /* ZBarImage.h */ = {isa = PBXFileReference; fileEncoding = 4; lastKnownFileType = sourcecode.c.h; path = ZBarImage.h; sourceTree = "<group>"; };
		90728E8E138054B400F95A36 /* ZBarImageScanner.h */ = {isa = PBXFileReference; fileEncoding = 4; lastKnownFileType = sourcecode.c.h; path = ZBarImageScanner.h; sourceTree = "<group>"; };
		90728E8F138054B400F95A36 /* ZBarReaderController.h */ = {isa = PBXFileReference; fileEncoding = 4; lastKnownFileType = sourcecode.c.h; path = ZBarReaderController.h; sourceTree = "<group>"; };
		90728E90138054B400F95A36 /* ZBarReaderView.h */ = {isa = PBXFileReference; fileEncoding = 4; lastKnownFileType = sourcecode.c.h; path = ZBarReaderView.h; sourceTree = "<group>"; };
		90728E91138054B400F95A36 /* ZBarReaderViewController.h */ = {isa = PBXFileReference; fileEncoding = 4; lastKnownFileType = sourcecode.c.h; path = ZBarReaderViewController.h; sourceTree = "<group>"; };
		90728E92138054B400F95A36 /* ZBarSDK.h */ = {isa = PBXFileReference; fileEncoding = 4; lastKnownFileType = sourcecode.c.h; path = ZBarSDK.h; sourceTree = "<group>"; };
		90728E93138054B400F95A36 /* ZBarSymbol.h */ = {isa = PBXFileReference; fileEncoding = 4; lastKnownFileType = sourcecode.c.h; path = ZBarSymbol.h; sourceTree = "<group>"; };
		90728E94138054B400F95A36 /* libzbar.a */ = {isa = PBXFileReference; lastKnownFileType = archive.ar; path = libzbar.a; sourceTree = "<group>"; };
		90728E96138054B400F95A36 /* zbar-back.png */ = {isa = PBXFileReference; lastKnownFileType = image.png; path = "zbar-back.png"; sourceTree = "<group>"; };
		90728E97138054B400F95A36 /* zbar-help.html */ = {isa = PBXFileReference; fileEncoding = 4; lastKnownFileType = text.html; path = "zbar-help.html"; sourceTree = "<group>"; };
		90728E98138054B400F95A36 /* zbar-helpicons.png */ = {isa = PBXFileReference; lastKnownFileType = image.png; path = "zbar-helpicons.png"; sourceTree = "<group>"; };
		90728E99138054B400F95A36 /* zbar-samples.png */ = {isa = PBXFileReference; lastKnownFileType = image.png; path = "zbar-samples.png"; sourceTree = "<group>"; };
		90728EA01380550E00F95A36 /* AVFoundation.framework */ = {isa = PBXFileReference; lastKnownFileType = wrapper.framework; name = AVFoundation.framework; path = System/Library/Frameworks/AVFoundation.framework; sourceTree = SDKROOT; };
		90728EA21380553E00F95A36 /* CoreMedia.framework */ = {isa = PBXFileReference; lastKnownFileType = wrapper.framework; name = CoreMedia.framework; path = System/Library/Frameworks/CoreMedia.framework; sourceTree = SDKROOT; };
		90728EA41380554400F95A36 /* CoreVideo.framework */ = {isa = PBXFileReference; lastKnownFileType = wrapper.framework; name = CoreVideo.framework; path = System/Library/Frameworks/CoreVideo.framework; sourceTree = SDKROOT; };
		90728EA61380555100F95A36 /* libiconv.dylib */ = {isa = PBXFileReference; lastKnownFileType = "compiled.mach-o.dylib"; name = libiconv.dylib; path = usr/lib/libiconv.dylib; sourceTree = SDKROOT; };
		90728EA81380555E00F95A36 /* QuartzCore.framework */ = {isa = PBXFileReference; lastKnownFileType = wrapper.framework; name = QuartzCore.framework; path = System/Library/Frameworks/QuartzCore.framework; sourceTree = SDKROOT; };
		909B2A22137CFD030031A107 /* loadingscreen.png */ = {isa = PBXFileReference; lastKnownFileType = image.png; path = loadingscreen.png; sourceTree = "<group>"; };
		909B2A23137CFD030031A107 /* loadingscreen@2x.png */ = {isa = PBXFileReference; lastKnownFileType = image.png; path = "loadingscreen@2x.png"; sourceTree = "<group>"; };
		90BB22E513832ED900C7797F /* scan_logo.png */ = {isa = PBXFileReference; lastKnownFileType = image.png; path = scan_logo.png; sourceTree = "<group>"; };
		90BB22E613832ED900C7797F /* scan_logo@2x.png */ = {isa = PBXFileReference; lastKnownFileType = image.png; path = "scan_logo@2x.png"; sourceTree = "<group>"; };
/* End PBXFileReference section */

/* Begin PBXFrameworksBuildPhase section */
		900160601379F72A00E418AD /* Frameworks */ = {
			isa = PBXFrameworksBuildPhase;
			buildActionMask = 2147483647;
			files = (
				90728EA91380555E00F95A36 /* QuartzCore.framework in Frameworks */,
				90728EA71380555100F95A36 /* libiconv.dylib in Frameworks */,
				90728EA51380554400F95A36 /* CoreVideo.framework in Frameworks */,
				90728EA31380553E00F95A36 /* CoreMedia.framework in Frameworks */,
				90728EA11380550E00F95A36 /* AVFoundation.framework in Frameworks */,
				902B81CD137A10470086518F /* libz.dylib in Frameworks */,
				900160681379F72A00E418AD /* UIKit.framework in Frameworks */,
				9001606A1379F72A00E418AD /* Foundation.framework in Frameworks */,
				9001606C1379F72A00E418AD /* CoreGraphics.framework in Frameworks */,
				9001606E1379F72A00E418AD /* CoreData.framework in Frameworks */,
				90728E9A138054B400F95A36 /* libzbar.a in Frameworks */,
			);
			runOnlyForDeploymentPostprocessing = 0;
		};
/* End PBXFrameworksBuildPhase section */

/* Begin PBXGroup section */
		8E94F6BC137A088000580A6C /* Scan */ = {
			isa = PBXGroup;
			children = (
				8E94F6C0137A08BE00580A6C /* Scan.h */,
				8E94F6C1137A08BE00580A6C /* Scan.m */,
				8E94F6C2137A08BE00580A6C /* Scan.xib */,
			);
			name = Scan;
			sourceTree = "<group>";
		};
		8E94F6BE137A089100580A6C /* HubPieceView */ = {
			isa = PBXGroup;
			children = (
				8E94F6C5137A08CC00580A6C /* HubPieceView.h */,
				8E94F6C6137A08CC00580A6C /* HubPieceView.m */,
				8EED84A51380745C00096292 /* HubPieceView.xib */,
			);
			name = HubPieceView;
			sourceTree = "<group>";
		};
		8E9A5451138492CD00B5A5C7 /* Video */ = {
			isa = PBXGroup;
			children = (
				8E9A543A13833E7600B5A5C7 /* Video.h */,
				8E9A543B13833E7600B5A5C7 /* Video.m */,
				8E9A543C13833E7600B5A5C7 /* Video.xib */,
			);
			name = Video;
			sourceTree = "<group>";
		};
		900160581379F72A00E418AD = {
			isa = PBXGroup;
			children = (
				9001606F1379F72A00E418AD /* HenryHub */,
				900160661379F72A00E418AD /* Frameworks */,
				900160641379F72A00E418AD /* Products */,
			);
			sourceTree = "<group>";
		};
		900160641379F72A00E418AD /* Products */ = {
			isa = PBXGroup;
			children = (
				900160631379F72A00E418AD /* HenryHub.app */,
			);
			name = Products;
			sourceTree = "<group>";
		};
		900160661379F72A00E418AD /* Frameworks */ = {
			isa = PBXGroup;
			children = (
				90728EA81380555E00F95A36 /* QuartzCore.framework */,
				90728EA41380554400F95A36 /* CoreVideo.framework */,
				90728EA21380553E00F95A36 /* CoreMedia.framework */,
				90728EA01380550E00F95A36 /* AVFoundation.framework */,
				900160671379F72A00E418AD /* UIKit.framework */,
				900160691379F72A00E418AD /* Foundation.framework */,
				9001606B1379F72A00E418AD /* CoreGraphics.framework */,
				9001606D1379F72A00E418AD /* CoreData.framework */,
			);
			name = Frameworks;
			sourceTree = "<group>";
		};
		9001606F1379F72A00E418AD /* HenryHub */ = {
			isa = PBXGroup;
			children = (
				902B81831379F8120086518F /* Images */,
				900160781379F72A00E418AD /* HenryHubAppDelegate.h */,
				900160791379F72A00E418AD /* HenryHubAppDelegate.m */,
				9001607B1379F72A00E418AD /* MainWindow.xib */,
				902B81841379F81A0086518F /* Views */,
				902B81BB137A0DA00086518F /* XML */,
				902B81E2137B05ED0086518F /* Models */,
				900160701379F72A00E418AD /* Supporting Files */,
			);
			path = HenryHub;
			sourceTree = "<group>";
		};
		900160701379F72A00E418AD /* Supporting Files */ = {
			isa = PBXGroup;
			children = (
				905410DC1384984A000BC652 /* FacebookSDK */,
				900160711379F72A00E418AD /* HenryHub-Info.plist */,
				900160721379F72A00E418AD /* InfoPlist.strings */,
				900160751379F72A00E418AD /* HenryHub-Prefix.pch */,
				900160761379F72A00E418AD /* main.m */,
				902B81CC137A10470086518F /* libz.dylib */,
				90728EA61380555100F95A36 /* libiconv.dylib */,
				90728E7D138054B400F95A36 /* ZBarSDK */,
				902B81CB137A0FEE0086518F /* TBXML */,
			);
			name = "Supporting Files";
			sourceTree = "<group>";
		};
		902B816F1379F77F0086518F /* Start */ = {
			isa = PBXGroup;
			children = (
				902B81A8137A00020086518F /* HHubViewController.h */,
				902B81A9137A00020086518F /* HHubViewController.m */,
				902B81AB137A001B0086518F /* HHubViewController.xib */,
			);
			name = Start;
			sourceTree = "<group>";
		};
		902B81711379F79E0086518F /* Outside */ = {
			isa = PBXGroup;
			children = (
				902B81AD137A00350086518F /* OutSide.h */,
				902B81AE137A00350086518F /* OutSide.m */,
				902B81AF137A00350086518F /* OutSide.xib */,
			);
			name = Outside;
			sourceTree = "<group>";
		};
		902B81721379F7A30086518F /* Inside */ = {
			isa = PBXGroup;
			children = (
				8E9A5451138492CD00B5A5C7 /* Video */,
				8E94F6BE137A089100580A6C /* HubPieceView */,
				8E94F6BC137A088000580A6C /* Scan */,
				902B81B2137A004A0086518F /* InSide.h */,
				902B81B3137A004A0086518F /* InSide.m */,
				902B81B4137A004A0086518F /* InSide.xib */,
				902B81D3137A19120086518F /* HHViewController.h */,
				902B81D4137A19120086518F /* HHViewController.m */,
			);
			name = Inside;
			sourceTree = "<group>";
		};
		902B81831379F8120086518F /* Images */ = {
			isa = PBXGroup;
			children = (
				909B2A22137CFD030031A107 /* loadingscreen.png */,
				909B2A23137CFD030031A107 /* loadingscreen@2x.png */,
				902B81851379F83D0086518F /* mainLogo.png */,
				8E94F712137B89D900580A6C /* icon.png */,
				8E94F710137B89CC00580A6C /* Default.png */,
				90BB22E513832ED900C7797F /* scan_logo.png */,
				90BB22E613832ED900C7797F /* scan_logo@2x.png */,
			);
			name = Images;
			sourceTree = "<group>";
		};
		902B81841379F81A0086518F /* Views */ = {
			isa = PBXGroup;
			children = (
				902B81721379F7A30086518F /* Inside */,
				902B81711379F79E0086518F /* Outside */,
				902B816F1379F77F0086518F /* Start */,
			);
			name = Views;
			sourceTree = "<group>";
		};
		902B81BB137A0DA00086518F /* XML */ = {
			isa = PBXGroup;
			children = (
				902B81CE137A148C0086518F /* HubXMLConnection.h */,
				902B81CF137A148C0086518F /* HubXMLConnection.m */,
			);
			name = XML;
			sourceTree = "<group>";
		};
		902B81CB137A0FEE0086518F /* TBXML */ = {
			isa = PBXGroup;
			children = (
				902B81BF137A0FA80086518F /* NSDataAdditions.h */,
				902B81C0137A0FA80086518F /* NSDataAdditions.m */,
				902B81C1137A0FA80086518F /* TBXML.h */,
				902B81C2137A0FA80086518F /* TBXML.m */,
			);
			name = TBXML;
			sourceTree = "<group>";
		};
		902B81E2137B05ED0086518F /* Models */ = {
			isa = PBXGroup;
			children = (
				9001607E1379F72A00E418AD /* HenryHub.xcdatamodeld */,
				902B81BD137A0FA80086518F /* HubPiece.h */,
				902B81BE137A0FA80086518F /* HubPiece.m */,
				902B81DF137AFE990086518F /* HubPieceMedia.h */,
				902B81E0137AFE9A0086518F /* HubPieceMedia.m */,
				902B81D6137A1D710086518F /* HubPieceImage.h */,
				902B81D7137A1D710086518F /* HubPieceImage.m */,
				902B81D9137AF3310086518F /* HubPieceVideo.h */,
				902B81DA137AF3320086518F /* HubPieceVideo.m */,
				902B81DC137AF7660086518F /* HubPieceAudio.h */,
				902B81DD137AF7670086518F /* HubPieceAudio.m */,
			);
			name = Models;
			sourceTree = "<group>";
		};
		905410DC1384984A000BC652 /* FacebookSDK */ = {
			isa = PBXGroup;
			children = (
				90010FEC1384991000015FD2 /* FBDialog.bundle */,
				90010FED1384991000015FD2 /* FBConnect.h */,
				90010FEE1384991000015FD2 /* FBRequest.h */,
				90010FEF1384991000015FD2 /* FBRequest.m */,
				90010FF01384991000015FD2 /* Facebook.m */,
				90010FF11384991000015FD2 /* Facebook.h */,
				90010FF21384991000015FD2 /* FBLoginDialog.h */,
				90010FF31384991000015FD2 /* FBLoginDialog.m */,
				90010FF41384991000015FD2 /* FBDialog.h */,
				90010FF51384991000015FD2 /* FBDialog.m */,
			);
			name = FacebookSDK;
			sourceTree = "<group>";
		};
		90728E7D138054B400F95A36 /* ZBarSDK */ = {
			isa = PBXGroup;
			children = (
				90728E7E138054B400F95A36 /* Headers */,
				90728E94138054B400F95A36 /* libzbar.a */,
				90728E95138054B400F95A36 /* Resources */,
			);
			path = ZBarSDK;
			sourceTree = "<group>";
		};
		90728E7E138054B400F95A36 /* Headers */ = {
			isa = PBXGroup;
			children = (
				90728E7F138054B400F95A36 /* ZBarSDK */,
			);
			path = Headers;
			sourceTree = "<group>";
		};
		90728E7F138054B400F95A36 /* ZBarSDK */ = {
			isa = PBXGroup;
			children = (
				90728E80138054B400F95A36 /* zbar */,
				90728E8A138054B400F95A36 /* zbar.h */,
				90728E8B138054B400F95A36 /* ZBarCaptureReader.h */,
				90728E8C138054B400F95A36 /* ZBarHelpController.h */,
				90728E8D138054B400F95A36 /* ZBarImage.h */,
				90728E8E138054B400F95A36 /* ZBarImageScanner.h */,
				90728E8F138054B400F95A36 /* ZBarReaderController.h */,
				90728E90138054B400F95A36 /* ZBarReaderView.h */,
				90728E91138054B400F95A36 /* ZBarReaderViewController.h */,
				90728E92138054B400F95A36 /* ZBarSDK.h */,
				90728E93138054B400F95A36 /* ZBarSymbol.h */,
			);
			path = ZBarSDK;
			sourceTree = "<group>";
		};
		90728E80138054B400F95A36 /* zbar */ = {
			isa = PBXGroup;
			children = (
				90728E81138054B400F95A36 /* Decoder.h */,
				90728E82138054B400F95A36 /* Exception.h */,
				90728E83138054B400F95A36 /* Image.h */,
				90728E84138054B400F95A36 /* ImageScanner.h */,
				90728E85138054B400F95A36 /* Processor.h */,
				90728E86138054B400F95A36 /* Scanner.h */,
				90728E87138054B400F95A36 /* Symbol.h */,
				90728E88138054B400F95A36 /* Video.h */,
				90728E89138054B400F95A36 /* Window.h */,
			);
			path = zbar;
			sourceTree = "<group>";
		};
		90728E95138054B400F95A36 /* Resources */ = {
			isa = PBXGroup;
			children = (
				90728E96138054B400F95A36 /* zbar-back.png */,
				90728E97138054B400F95A36 /* zbar-help.html */,
				90728E98138054B400F95A36 /* zbar-helpicons.png */,
				90728E99138054B400F95A36 /* zbar-samples.png */,
			);
			path = Resources;
			sourceTree = "<group>";
		};
/* End PBXGroup section */

/* Begin PBXNativeTarget section */
		900160621379F72A00E418AD /* HenryHub */ = {
			isa = PBXNativeTarget;
			buildConfigurationList = 900160831379F72A00E418AD /* Build configuration list for PBXNativeTarget "HenryHub" */;
			buildPhases = (
				9001605F1379F72A00E418AD /* Sources */,
				900160601379F72A00E418AD /* Frameworks */,
				900160611379F72A00E418AD /* Resources */,
			);
			buildRules = (
			);
			dependencies = (
			);
			name = HenryHub;
			productName = HenryHub;
			productReference = 900160631379F72A00E418AD /* HenryHub.app */;
			productType = "com.apple.product-type.application";
		};
/* End PBXNativeTarget section */

/* Begin PBXProject section */
		9001605A1379F72A00E418AD /* Project object */ = {
			isa = PBXProject;
			buildConfigurationList = 9001605D1379F72A00E418AD /* Build configuration list for PBXProject "HenryHub" */;
			compatibilityVersion = "Xcode 3.2";
			developmentRegion = English;
			hasScannedForEncodings = 0;
			knownRegions = (
				en,
			);
			mainGroup = 900160581379F72A00E418AD;
			productRefGroup = 900160641379F72A00E418AD /* Products */;
			projectDirPath = "";
			projectRoot = "";
			targets = (
				900160621379F72A00E418AD /* HenryHub */,
			);
		};
/* End PBXProject section */

/* Begin PBXResourcesBuildPhase section */
		900160611379F72A00E418AD /* Resources */ = {
			isa = PBXResourcesBuildPhase;
			buildActionMask = 2147483647;
			files = (
				900160741379F72A00E418AD /* InfoPlist.strings in Resources */,
				9001607D1379F72A00E418AD /* MainWindow.xib in Resources */,
				902B81861379F83D0086518F /* mainLogo.png in Resources */,
				902B81AC137A001B0086518F /* HHubViewController.xib in Resources */,
				902B81B1137A00350086518F /* OutSide.xib in Resources */,
				902B81B6137A004A0086518F /* InSide.xib in Resources */,
				8E94F6C4137A08BE00580A6C /* Scan.xib in Resources */,
				8E94F711137B89CC00580A6C /* Default.png in Resources */,
				8E94F713137B89D900580A6C /* icon.png in Resources */,
				909B2A24137CFD030031A107 /* loadingscreen.png in Resources */,
				909B2A25137CFD030031A107 /* loadingscreen@2x.png in Resources */,
				90728E9B138054B400F95A36 /* zbar-back.png in Resources */,
				90728E9C138054B400F95A36 /* zbar-help.html in Resources */,
				90728E9D138054B400F95A36 /* zbar-helpicons.png in Resources */,
				90728E9E138054B400F95A36 /* zbar-samples.png in Resources */,
				90BB22E713832ED900C7797F /* scan_logo.png in Resources */,
				90BB22E813832ED900C7797F /* scan_logo@2x.png in Resources */,
				90010FF61384991000015FD2 /* FBDialog.bundle in Resources */,
				8EED84A61380745C00096292 /* HubPieceView.xib in Resources */,
				8E9A543E13833E7600B5A5C7 /* Video.xib in Resources */,
			);
			runOnlyForDeploymentPostprocessing = 0;
		};
/* End PBXResourcesBuildPhase section */

/* Begin PBXSourcesBuildPhase section */
		9001605F1379F72A00E418AD /* Sources */ = {
			isa = PBXSourcesBuildPhase;
			buildActionMask = 2147483647;
			files = (
				900160771379F72A00E418AD /* main.m in Sources */,
				9001607A1379F72A00E418AD /* HenryHubAppDelegate.m in Sources */,
				900160801379F72A00E418AD /* HenryHub.xcdatamodeld in Sources */,
				902B81AA137A00020086518F /* HHubViewController.m in Sources */,
				902B81B0137A00350086518F /* OutSide.m in Sources */,
				902B81B5137A004A0086518F /* InSide.m in Sources */,
				8E94F6C3137A08BE00580A6C /* Scan.m in Sources */,
				8E94F6C8137A08CC00580A6C /* HubPieceView.m in Sources */,
				902B81C5137A0FA80086518F /* HubPiece.m in Sources */,
				902B81C6137A0FA80086518F /* NSDataAdditions.m in Sources */,
				902B81C7137A0FA80086518F /* TBXML.m in Sources */,
				902B81D1137A148C0086518F /* HubXMLConnection.m in Sources */,
				902B81D5137A19130086518F /* HHViewController.m in Sources */,
				902B81D8137A1D710086518F /* HubPieceImage.m in Sources */,
				902B81DB137AF3320086518F /* HubPieceVideo.m in Sources */,
				902B81DE137AF7670086518F /* HubPieceAudio.m in Sources */,
				902B81E1137AFE9B0086518F /* HubPieceMedia.m in Sources */,
				90010FF71384991000015FD2 /* FBRequest.m in Sources */,
				90010FF81384991000015FD2 /* Facebook.m in Sources */,
				90010FF91384991000015FD2 /* FBLoginDialog.m in Sources */,
				90010FFA1384991000015FD2 /* FBDialog.m in Sources */,
				8E9A543D13833E7600B5A5C7 /* Video.m in Sources */,
			);
			runOnlyForDeploymentPostprocessing = 0;
		};
/* End PBXSourcesBuildPhase section */

/* Begin PBXVariantGroup section */
		900160721379F72A00E418AD /* InfoPlist.strings */ = {
			isa = PBXVariantGroup;
			children = (
				900160731379F72A00E418AD /* en */,
			);
			name = InfoPlist.strings;
			sourceTree = "<group>";
		};
		9001607B1379F72A00E418AD /* MainWindow.xib */ = {
			isa = PBXVariantGroup;
			children = (
				9001607C1379F72A00E418AD /* en */,
			);
			name = MainWindow.xib;
			sourceTree = "<group>";
		};
/* End PBXVariantGroup section */

/* Begin XCBuildConfiguration section */
		900160811379F72A00E418AD /* Debug */ = {
			isa = XCBuildConfiguration;
			buildSettings = {
				ARCHS = "$(ARCHS_STANDARD_32_BIT)";
				"CODE_SIGN_IDENTITY[sdk=iphoneos*]" = "iPhone Developer";
				GCC_C_LANGUAGE_STANDARD = gnu99;
				GCC_OPTIMIZATION_LEVEL = 0;
				GCC_PREPROCESSOR_DEFINITIONS = DEBUG;
				GCC_SYMBOLS_PRIVATE_EXTERN = NO;
				GCC_VERSION = com.apple.compilers.llvmgcc42;
				GCC_WARN_ABOUT_RETURN_TYPE = YES;
				GCC_WARN_UNUSED_VARIABLE = YES;
				IPHONEOS_DEPLOYMENT_TARGET = 4.3;
				SDKROOT = iphoneos;
			};
			name = Debug;
		};
		900160821379F72A00E418AD /* Release */ = {
			isa = XCBuildConfiguration;
			buildSettings = {
				ARCHS = "$(ARCHS_STANDARD_32_BIT)";
				"CODE_SIGN_IDENTITY[sdk=iphoneos*]" = "iPhone Developer";
				GCC_C_LANGUAGE_STANDARD = gnu99;
				GCC_VERSION = com.apple.compilers.llvmgcc42;
				GCC_WARN_ABOUT_RETURN_TYPE = YES;
				GCC_WARN_UNUSED_VARIABLE = YES;
				IPHONEOS_DEPLOYMENT_TARGET = 4.3;
				OTHER_CFLAGS = "-DNS_BLOCK_ASSERTIONS=1";
				SDKROOT = iphoneos;
			};
			name = Release;
		};
		900160841379F72A00E418AD /* Debug */ = {
			isa = XCBuildConfiguration;
			buildSettings = {
				ALWAYS_SEARCH_USER_PATHS = NO;
				COPY_PHASE_STRIP = NO;
				GCC_DYNAMIC_NO_PIC = NO;
				GCC_PRECOMPILE_PREFIX_HEADER = YES;
				GCC_PREFIX_HEADER = "HenryHub/HenryHub-Prefix.pch";
				INFOPLIST_FILE = "HenryHub/HenryHub-Info.plist";
				LIBRARY_SEARCH_PATHS = (
					"$(inherited)",
					"\"$(SRCROOT)/HenryHub/ZBarSDK\"",
				);
				PRODUCT_NAME = "$(TARGET_NAME)";
				WRAPPER_EXTENSION = app;
			};
			name = Debug;
		};
		900160851379F72A00E418AD /* Release */ = {
			isa = XCBuildConfiguration;
			buildSettings = {
				ALWAYS_SEARCH_USER_PATHS = NO;
				COPY_PHASE_STRIP = YES;
				GCC_PRECOMPILE_PREFIX_HEADER = YES;
				GCC_PREFIX_HEADER = "HenryHub/HenryHub-Prefix.pch";
				INFOPLIST_FILE = "HenryHub/HenryHub-Info.plist";
				LIBRARY_SEARCH_PATHS = (
					"$(inherited)",
					"\"$(SRCROOT)/HenryHub/ZBarSDK\"",
				);
				PRODUCT_NAME = "$(TARGET_NAME)";
				VALIDATE_PRODUCT = YES;
				WRAPPER_EXTENSION = app;
			};
			name = Release;
		};
/* End XCBuildConfiguration section */

/* Begin XCConfigurationList section */
		9001605D1379F72A00E418AD /* Build configuration list for PBXProject "HenryHub" */ = {
			isa = XCConfigurationList;
			buildConfigurations = (
				900160811379F72A00E418AD /* Debug */,
				900160821379F72A00E418AD /* Release */,
			);
			defaultConfigurationIsVisible = 0;
			defaultConfigurationName = Release;
		};
		900160831379F72A00E418AD /* Build configuration list for PBXNativeTarget "HenryHub" */ = {
			isa = XCConfigurationList;
			buildConfigurations = (
				900160841379F72A00E418AD /* Debug */,
				900160851379F72A00E418AD /* Release */,
			);
			defaultConfigurationIsVisible = 0;
			defaultConfigurationName = Release;
		};
/* End XCConfigurationList section */

/* Begin XCVersionGroup section */
		9001607E1379F72A00E418AD /* HenryHub.xcdatamodeld */ = {
			isa = XCVersionGroup;
			children = (
				9001607F1379F72A00E418AD /* HenryHub.xcdatamodel */,
			);
			currentVersion = 9001607F1379F72A00E418AD /* HenryHub.xcdatamodel */;
			path = HenryHub.xcdatamodeld;
			sourceTree = "<group>";
			versionGroupType = wrapper.xcdatamodel;
		};
/* End XCVersionGroup section */
	};
	rootObject = 9001605A1379F72A00E418AD /* Project object */;
}
